
Microsoft Visual Studio Solution File, Format Version 11.00
# Visual Studio 2010
Project("{FAE04EC0-301F-11D3-BF4B-00C04F79EFBC}") = "Ink_A_Mator", "Ink_A_Mator\Ink_A_Mator.csproj", "{D1855F8C-A9CC-4CE2-9E0D-3ED01B116B56}"
EndProject
Project("{FAE04EC0-301F-11D3-BF4B-00C04F79EFBC}") = "ArtControls", "ArtControls\ArtControls.csproj", "{0F88FCE1-8594-4674-AFA4-133D352F342C}"
EndProject
Global
	GlobalSection(SolutionConfigurationPlatforms) = preSolution
		Debug|Any CPU = Debug|Any CPU
		Debug|Mixed Platforms = Debug|Mixed Platforms
		Debug|Win32 = Debug|Win32
		Release|Any CPU = Release|Any CPU
		Release|Mixed Platforms = Release|Mixed Platforms
		Release|Win32 = Release|Win32
	EndGlobalSection
	GlobalSection(ProjectConfigurationPlatforms) = postSolution
		{D1855F8C-A9CC-4CE2-9E0D-3ED01B116B56}.Debug|Any CPU.ActiveCfg = Debug|Any CPU
		{D1855F8C-A9CC-4CE2-9E0D-3ED01B116B56}.Debug|Any CPU.Build.0 = Debug|Any CPU
		{D1855F8C-A9CC-4CE2-9E0D-3ED01B116B56}.Debug|Mixed Platforms.ActiveCfg = Debug|Any CPU
		{D1855F8C-A9CC-4CE2-9E0D-3ED01B116B56}.Debug|Mixed Platforms.Build.0 = Debug|Any CPU
		{D1855F8C-A9CC-4CE2-9E0D-3ED01B116B56}.Debug|Win32.ActiveCfg = Debug|Any CPU
		{D1855F8C-A9CC-4CE2-9E0D-3ED01B116B56}.Release|Any CPU.ActiveCfg = Release|Any CPU
		{D1855F8C-A9CC-4CE2-9E0D-3ED01B116B56}.Release|Any CPU.Build.0 = Release|Any CPU
		{D1855F8C-A9CC-4CE2-9E0D-3ED01B116B56}.Release|Mixed Platforms.ActiveCfg = Release|Any CPU
		{D1855F8C-A9CC-4CE2-9E0D-3ED01B116B56}.Release|Mixed Platforms.Build.0 = Release|Any CPU
		{D1855F8C-A9CC-4CE2-9E0D-3ED01B116B56}.Release|Win32.ActiveCfg = Release|Any CPU
		{0F88FCE1-8594-4674-AFA4-133D352F342C}.Debug|Any CPU.ActiveCfg = Debug|Any CPU
		{0F88FCE1-8594-4674-AFA4-133D352F342C}.Debug|Any CPU.Build.0 = Debug|Any CPU
		{0F88FCE1-8594-4674-AFA4-133D352F342C}.Debug|Mixed Platforms.ActiveCfg = Debug|Any CPU
		{0F88FCE1-8594-4674-AFA4-133D352F342C}.Debug|Mixed Platforms.Build.0 = Debug|Any CPU
		{0F88FCE1-8594-4674-AFA4-133D352F342C}.Debug|Win32.ActiveCfg = Debug|Any CPU
		{0F88FCE1-8594-4674-AFA4-133D352F342C}.Release|Any CPU.ActiveCfg = Release|Any CPU
		{0F88FCE1-8594-4674-AFA4-133D352F342C}.Release|Any CPU.Build.0 = Release|Any CPU
		{0F88FCE1-8594-4674-AFA4-133D352F342C}.Release|Mixed Platforms.ActiveCfg = Release|Any CPU
		{0F88FCE1-8594-4674-AFA4-133D352F342C}.Release|Mixed Platforms.Build.0 = Release|Any CPU
		{0F88FCE1-8594-4674-AFA4-133D352F342C}.Release|Win32.ActiveCfg = Release|Any CPU
	EndGlobalSection
	GlobalSection(SolutionProperties) = preSolution
		HideSolutionNode = FALSE
	EndGlobalSection
EndGlobal
