
Microsoft Visual Studio Solution File, Format Version 11.00
# Visual Studio 2010
Project("{FAE04EC0-301F-11D3-BF4B-00C04F79EFBC}") = "XPPanelTest", "XPPanelTest.csproj", "{FBDBAF92-B0BB-4EB4-B082-9DA09D91D079}"
EndProject
Project("{FAE04EC0-301F-11D3-BF4B-00C04F79EFBC}") = "XPPanel", "..\XPPanel\XPPanel.csproj", "{8B656A5B-3371-461B-86BA-61F5EA96DBB2}"
EndProject
Global
	GlobalSection(SolutionConfigurationPlatforms) = preSolution
		Debug|Any CPU = Debug|Any CPU
		Release|Any CPU = Release|Any CPU
	EndGlobalSection
	GlobalSection(ProjectConfigurationPlatforms) = postSolution
		{FBDBAF92-B0BB-4EB4-B082-9DA09D91D079}.Debug|Any CPU.ActiveCfg = Debug|Any CPU
		{FBDBAF92-B0BB-4EB4-B082-9DA09D91D079}.Debug|Any CPU.Build.0 = Debug|Any CPU
		{FBDBAF92-B0BB-4EB4-B082-9DA09D91D079}.Release|Any CPU.ActiveCfg = Release|Any CPU
		{FBDBAF92-B0BB-4EB4-B082-9DA09D91D079}.Release|Any CPU.Build.0 = Release|Any CPU
		{8B656A5B-3371-461B-86BA-61F5EA96DBB2}.Debug|Any CPU.ActiveCfg = Debug|Any CPU
		{8B656A5B-3371-461B-86BA-61F5EA96DBB2}.Debug|Any CPU.Build.0 = Debug|Any CPU
		{8B656A5B-3371-461B-86BA-61F5EA96DBB2}.Release|Any CPU.ActiveCfg = Release|Any CPU
		{8B656A5B-3371-461B-86BA-61F5EA96DBB2}.Release|Any CPU.Build.0 = Release|Any CPU
	EndGlobalSection
	GlobalSection(SolutionProperties) = preSolution
		HideSolutionNode = FALSE
	EndGlobalSection
EndGlobal
