
Microsoft Visual Studio Solution File, Format Version 11.00
# Visual Studio 2010
Project("{FAE04EC0-301F-11D3-BF4B-00C04F79EFBC}") = "RegexValidation", "RegexValidation\RegexValidation.csproj", "{52389D72-5D3B-4F50-A57C-6DBAB7F2A96D}"
EndProject
Global
	GlobalSection(SolutionConfigurationPlatforms) = preSolution
		Debug|Any CPU = Debug|Any CPU
		Release|Any CPU = Release|Any CPU
	EndGlobalSection
	GlobalSection(ProjectConfigurationPlatforms) = postSolution
		{52389D72-5D3B-4F50-A57C-6DBAB7F2A96D}.Debug|Any CPU.ActiveCfg = Debug|Any CPU
		{52389D72-5D3B-4F50-A57C-6DBAB7F2A96D}.Debug|Any CPU.Build.0 = Debug|Any CPU
		{52389D72-5D3B-4F50-A57C-6DBAB7F2A96D}.Release|Any CPU.ActiveCfg = Release|Any CPU
		{52389D72-5D3B-4F50-A57C-6DBAB7F2A96D}.Release|Any CPU.Build.0 = Release|Any CPU
	EndGlobalSection
	GlobalSection(SolutionProperties) = preSolution
		HideSolutionNode = FALSE
	EndGlobalSection
EndGlobal
