
Microsoft Visual Studio Solution File, Format Version 12.00
# Visual Studio 2012
Project("{FAE04EC0-301F-11D3-BF4B-00C04F79EFBC}") = "IsPunctuation00", "IsPunctuation00\IsPunctuation00.csproj", "{4F928BBD-7123-46D9-B70F-6A0B24F94A80}"
EndProject
Project("{FAE04EC0-301F-11D3-BF4B-00C04F79EFBC}") = "IsPunctuation01", "IsPunctuation01\IsPunctuation01.csproj", "{99C6FB92-91A8-4679-9C8A-6E9AA2B97BBA}"
EndProject
Global
	
	GlobalSection(SolutionConfigurationPlatforms) = preSolution
		Debug|Any CPU = Debug|Any CPU
		Release|Any CPU = Release|Any CPU
	EndGlobalSection
	GlobalSection(ProjectConfigurationPlatforms) = postSolution
		{4F928BBD-7123-46D9-B70F-6A0B24F94A80}.Debug|Any CPU.ActiveCfg = Debug|Any CPU
		{4F928BBD-7123-46D9-B70F-6A0B24F94A80}.Debug|Any CPU.Build.0 = Debug|Any CPU
		{4F928BBD-7123-46D9-B70F-6A0B24F94A80}.Release|Any CPU.ActiveCfg = Release|Any CPU
		{4F928BBD-7123-46D9-B70F-6A0B24F94A80}.Release|Any CPU.Build.0 = Release|Any CPU
		{99C6FB92-91A8-4679-9C8A-6E9AA2B97BBA}.Debug|Any CPU.ActiveCfg = Debug|Any CPU
		{99C6FB92-91A8-4679-9C8A-6E9AA2B97BBA}.Debug|Any CPU.Build.0 = Debug|Any CPU
		{99C6FB92-91A8-4679-9C8A-6E9AA2B97BBA}.Release|Any CPU.ActiveCfg = Release|Any CPU
		{99C6FB92-91A8-4679-9C8A-6E9AA2B97BBA}.Release|Any CPU.Build.0 = Release|Any CPU
	EndGlobalSection
	GlobalSection(SolutionProperties) = preSolution
		HideSolutionNode = FALSE
	EndGlobalSection
EndGlobal
