
Microsoft Visual Studio Solution File, Format Version 11.00
# Visual Studio 2010
Project("{FAE04EC0-301F-11D3-BF4B-00C04F79EFBC}") = "Componentes.WinForms", "Componentes.WinForms\Componentes.WinForms.csproj", "{18FF1750-E7B5-49C6-A54E-BC0CC40D99C9}"
EndProject
Project("{FAE04EC0-301F-11D3-BF4B-00C04F79EFBC}") = "WindowsFormsApplication1", "WindowsFormsApplication1\WindowsFormsApplication1.csproj", "{91AFBE57-86CE-40DF-87B8-8E77BB8E59B7}"
EndProject
Global
	GlobalSection(SolutionConfigurationPlatforms) = preSolution
		CD_ROM|Any CPU = CD_ROM|Any CPU
		CD_ROM|Mixed Platforms = CD_ROM|Mixed Platforms
		CD_ROM|x86 = CD_ROM|x86
		Debug|Any CPU = Debug|Any CPU
		Debug|Mixed Platforms = Debug|Mixed Platforms
		Debug|x86 = Debug|x86
		DVD-5|Any CPU = DVD-5|Any CPU
		DVD-5|Mixed Platforms = DVD-5|Mixed Platforms
		DVD-5|x86 = DVD-5|x86
		Release|Any CPU = Release|Any CPU
		Release|Mixed Platforms = Release|Mixed Platforms
		Release|x86 = Release|x86
		SingleImage|Any CPU = SingleImage|Any CPU
		SingleImage|Mixed Platforms = SingleImage|Mixed Platforms
		SingleImage|x86 = SingleImage|x86
	EndGlobalSection
	GlobalSection(ProjectConfigurationPlatforms) = postSolution
		{18FF1750-E7B5-49C6-A54E-BC0CC40D99C9}.CD_ROM|Any CPU.ActiveCfg = Release|Any CPU
		{18FF1750-E7B5-49C6-A54E-BC0CC40D99C9}.CD_ROM|Any CPU.Build.0 = Release|Any CPU
		{18FF1750-E7B5-49C6-A54E-BC0CC40D99C9}.CD_ROM|Mixed Platforms.ActiveCfg = Release|Any CPU
		{18FF1750-E7B5-49C6-A54E-BC0CC40D99C9}.CD_ROM|Mixed Platforms.Build.0 = Release|Any CPU
		{18FF1750-E7B5-49C6-A54E-BC0CC40D99C9}.CD_ROM|x86.ActiveCfg = Release|Any CPU
		{18FF1750-E7B5-49C6-A54E-BC0CC40D99C9}.Debug|Any CPU.ActiveCfg = Debug|Any CPU
		{18FF1750-E7B5-49C6-A54E-BC0CC40D99C9}.Debug|Any CPU.Build.0 = Debug|Any CPU
		{18FF1750-E7B5-49C6-A54E-BC0CC40D99C9}.Debug|Mixed Platforms.ActiveCfg = Debug|Any CPU
		{18FF1750-E7B5-49C6-A54E-BC0CC40D99C9}.Debug|Mixed Platforms.Build.0 = Debug|Any CPU
		{18FF1750-E7B5-49C6-A54E-BC0CC40D99C9}.Debug|x86.ActiveCfg = Debug|Any CPU
		{18FF1750-E7B5-49C6-A54E-BC0CC40D99C9}.DVD-5|Any CPU.ActiveCfg = Debug|Any CPU
		{18FF1750-E7B5-49C6-A54E-BC0CC40D99C9}.DVD-5|Any CPU.Build.0 = Debug|Any CPU
		{18FF1750-E7B5-49C6-A54E-BC0CC40D99C9}.DVD-5|Mixed Platforms.ActiveCfg = Debug|Any CPU
		{18FF1750-E7B5-49C6-A54E-BC0CC40D99C9}.DVD-5|Mixed Platforms.Build.0 = Debug|Any CPU
		{18FF1750-E7B5-49C6-A54E-BC0CC40D99C9}.DVD-5|x86.ActiveCfg = Debug|Any CPU
		{18FF1750-E7B5-49C6-A54E-BC0CC40D99C9}.Release|Any CPU.ActiveCfg = Release|Any CPU
		{18FF1750-E7B5-49C6-A54E-BC0CC40D99C9}.Release|Any CPU.Build.0 = Release|Any CPU
		{18FF1750-E7B5-49C6-A54E-BC0CC40D99C9}.Release|Mixed Platforms.ActiveCfg = Release|Any CPU
		{18FF1750-E7B5-49C6-A54E-BC0CC40D99C9}.Release|Mixed Platforms.Build.0 = Release|Any CPU
		{18FF1750-E7B5-49C6-A54E-BC0CC40D99C9}.Release|x86.ActiveCfg = Release|Any CPU
		{18FF1750-E7B5-49C6-A54E-BC0CC40D99C9}.SingleImage|Any CPU.ActiveCfg = Release|Any CPU
		{18FF1750-E7B5-49C6-A54E-BC0CC40D99C9}.SingleImage|Any CPU.Build.0 = Release|Any CPU
		{18FF1750-E7B5-49C6-A54E-BC0CC40D99C9}.SingleImage|Mixed Platforms.ActiveCfg = Release|Any CPU
		{18FF1750-E7B5-49C6-A54E-BC0CC40D99C9}.SingleImage|Mixed Platforms.Build.0 = Release|Any CPU
		{18FF1750-E7B5-49C6-A54E-BC0CC40D99C9}.SingleImage|x86.ActiveCfg = Release|Any CPU
		{91AFBE57-86CE-40DF-87B8-8E77BB8E59B7}.CD_ROM|Any CPU.ActiveCfg = Release|x86
		{91AFBE57-86CE-40DF-87B8-8E77BB8E59B7}.CD_ROM|Mixed Platforms.ActiveCfg = Release|x86
		{91AFBE57-86CE-40DF-87B8-8E77BB8E59B7}.CD_ROM|Mixed Platforms.Build.0 = Release|x86
		{91AFBE57-86CE-40DF-87B8-8E77BB8E59B7}.CD_ROM|x86.ActiveCfg = Release|x86
		{91AFBE57-86CE-40DF-87B8-8E77BB8E59B7}.CD_ROM|x86.Build.0 = Release|x86
		{91AFBE57-86CE-40DF-87B8-8E77BB8E59B7}.Debug|Any CPU.ActiveCfg = Debug|x86
		{91AFBE57-86CE-40DF-87B8-8E77BB8E59B7}.Debug|Mixed Platforms.ActiveCfg = Debug|x86
		{91AFBE57-86CE-40DF-87B8-8E77BB8E59B7}.Debug|Mixed Platforms.Build.0 = Debug|x86
		{91AFBE57-86CE-40DF-87B8-8E77BB8E59B7}.Debug|x86.ActiveCfg = Debug|x86
		{91AFBE57-86CE-40DF-87B8-8E77BB8E59B7}.Debug|x86.Build.0 = Debug|x86
		{91AFBE57-86CE-40DF-87B8-8E77BB8E59B7}.DVD-5|Any CPU.ActiveCfg = Debug|x86
		{91AFBE57-86CE-40DF-87B8-8E77BB8E59B7}.DVD-5|Mixed Platforms.ActiveCfg = Debug|x86
		{91AFBE57-86CE-40DF-87B8-8E77BB8E59B7}.DVD-5|Mixed Platforms.Build.0 = Debug|x86
		{91AFBE57-86CE-40DF-87B8-8E77BB8E59B7}.DVD-5|x86.ActiveCfg = Debug|x86
		{91AFBE57-86CE-40DF-87B8-8E77BB8E59B7}.DVD-5|x86.Build.0 = Debug|x86
		{91AFBE57-86CE-40DF-87B8-8E77BB8E59B7}.Release|Any CPU.ActiveCfg = Release|x86
		{91AFBE57-86CE-40DF-87B8-8E77BB8E59B7}.Release|Mixed Platforms.ActiveCfg = Release|x86
		{91AFBE57-86CE-40DF-87B8-8E77BB8E59B7}.Release|Mixed Platforms.Build.0 = Release|x86
		{91AFBE57-86CE-40DF-87B8-8E77BB8E59B7}.Release|x86.ActiveCfg = Release|x86
		{91AFBE57-86CE-40DF-87B8-8E77BB8E59B7}.Release|x86.Build.0 = Release|x86
		{91AFBE57-86CE-40DF-87B8-8E77BB8E59B7}.SingleImage|Any CPU.ActiveCfg = Release|x86
		{91AFBE57-86CE-40DF-87B8-8E77BB8E59B7}.SingleImage|Mixed Platforms.ActiveCfg = Release|x86
		{91AFBE57-86CE-40DF-87B8-8E77BB8E59B7}.SingleImage|Mixed Platforms.Build.0 = Release|x86
		{91AFBE57-86CE-40DF-87B8-8E77BB8E59B7}.SingleImage|x86.ActiveCfg = Release|x86
		{91AFBE57-86CE-40DF-87B8-8E77BB8E59B7}.SingleImage|x86.Build.0 = Release|x86
	EndGlobalSection
	GlobalSection(SolutionProperties) = preSolution
		HideSolutionNode = FALSE
	EndGlobalSection
EndGlobal
