
Microsoft Visual Studio Solution File, Format Version 11.00
# Visual Studio 2010
Project("{FAE04EC0-301F-11D3-BF4B-00C04F79EFBC}") = "WindowsFormsApplication13", "WindowsFormsApplication13\WindowsFormsApplication13.csproj", "{5D796100-8802-4F9F-BC56-D49526EE16D6}"
EndProject
Global
	GlobalSection(SolutionConfigurationPlatforms) = preSolution
		Debug|Any CPU = Debug|Any CPU
		Release|Any CPU = Release|Any CPU
	EndGlobalSection
	GlobalSection(ProjectConfigurationPlatforms) = postSolution
		{5D796100-8802-4F9F-BC56-D49526EE16D6}.Debug|Any CPU.ActiveCfg = Debug|Any CPU
		{5D796100-8802-4F9F-BC56-D49526EE16D6}.Debug|Any CPU.Build.0 = Debug|Any CPU
		{5D796100-8802-4F9F-BC56-D49526EE16D6}.Release|Any CPU.ActiveCfg = Release|Any CPU
		{5D796100-8802-4F9F-BC56-D49526EE16D6}.Release|Any CPU.Build.0 = Release|Any CPU
	EndGlobalSection
	GlobalSection(SolutionProperties) = preSolution
		HideSolutionNode = FALSE
	EndGlobalSection
EndGlobal
