
Microsoft Visual Studio Solution File, Format Version 12.00
# Visual Studio 2013
VisualStudioVersion = 12.0.20617.1 PREVIEW
MinimumVisualStudioVersion = 10.0.40219.1
Project("{2150E333-8FDC-42A3-9474-1A3956D46DE8}") = "Fields", "Fields", "{9C5F522D-0387-4FF4-BB5F-959704021961}"
EndProject
Project("{FAE04EC0-301F-11D3-BF4B-00C04F79EFBC}") = "FalseString00", "..\Fields\FalseString\FalseString00\FalseString00.csproj", "{955F07C0-B232-42B0-A685-CAD0A157A388}"
EndProject
Project("{FAE04EC0-301F-11D3-BF4B-00C04F79EFBC}") = "TrueString00", "..\Fields\TrueString\TrueString00\TrueString00.csproj", "{23E24A91-26A0-4E45-B8D4-CB9CE9CD8498}"
EndProject
Project("{2150E333-8FDC-42A3-9474-1A3956D46DE8}") = "FalseString", "FalseString", "{2C1CC63E-E182-4CF2-95B2-8DA4D5A4F3AF}"
EndProject
Project("{2150E333-8FDC-42A3-9474-1A3956D46DE8}") = "TrueString", "TrueString", "{7B6581FD-0EBF-4601-B363-7A13A8E69BFF}"
EndProject
Project("{2150E333-8FDC-42A3-9474-1A3956D46DE8}") = "Methods", "Methods", "{3A281D5B-EA38-47E6-ADFF-B7EF59F02855}"
EndProject
Project("{FAE04EC0-301F-11D3-BF4B-00C04F79EFBC}") = "CompareTo00", "..\Methods\CompareTo\CompareTo00\CompareTo00.csproj", "{944C1B1A-761C-43BC-A0F8-7D2951E3D121}"
EndProject
Project("{FAE04EC0-301F-11D3-BF4B-00C04F79EFBC}") = "CompareTo01", "..\Methods\CompareTo\CompareTo01\CompareTo01.csproj", "{6929E49A-149F-4119-AEBA-D49C5D2A5AD6}"
EndProject
Project("{2150E333-8FDC-42A3-9474-1A3956D46DE8}") = "CompareTo", "CompareTo", "{B96D3CC7-40D6-4569-893E-BE681613D16C}"
EndProject
Project("{FAE04EC0-301F-11D3-BF4B-00C04F79EFBC}") = "Equals00", "..\Methods\Equals\Equals00\Equals00.csproj", "{5F0F1AF4-7942-46A7-84BE-32F8BA74AC08}"
EndProject
Project("{FAE04EC0-301F-11D3-BF4B-00C04F79EFBC}") = "Equals01", "..\Methods\Equals\Equals01\Equals01.csproj", "{4952D215-04D9-4FFF-9641-8A2C86C11373}"
EndProject
Project("{2150E333-8FDC-42A3-9474-1A3956D46DE8}") = "Equals", "Equals", "{432639AE-0BFB-4F31-BC63-D44CF7F312EA}"
EndProject
Project("{2150E333-8FDC-42A3-9474-1A3956D46DE8}") = "Parse", "Parse", "{48A61FA2-6D03-427C-93CE-1AB5EFBC2FDA}"
EndProject
Project("{2150E333-8FDC-42A3-9474-1A3956D46DE8}") = "ToBoolean", "ToBoolean", "{B3FCC8F8-FE40-4C67-937C-CF6CC57B0316}"
EndProject
Project("{2150E333-8FDC-42A3-9474-1A3956D46DE8}") = "ToByte", "ToByte", "{B2D697E6-FE6F-45FD-B9C8-3560705579EF}"
EndProject
Project("{2150E333-8FDC-42A3-9474-1A3956D46DE8}") = "ToChar", "ToChar", "{6907EFF7-CB82-44DC-83BA-73DAEA4E84D5}"
EndProject
Project("{2150E333-8FDC-42A3-9474-1A3956D46DE8}") = "ToDateTime", "ToDateTime", "{689C7A17-055D-48A9-BF18-A0E30BB28125}"
EndProject
Project("{2150E333-8FDC-42A3-9474-1A3956D46DE8}") = "ToDecimal", "ToDecimal", "{8A75DC92-A6CE-4E91-AF31-FE3D87396E3B}"
EndProject
Project("{2150E333-8FDC-42A3-9474-1A3956D46DE8}") = "ToDouble", "ToDouble", "{5FD44241-A194-4544-9C71-9D1424212555}"
EndProject
Project("{2150E333-8FDC-42A3-9474-1A3956D46DE8}") = "ToInt16", "ToInt16", "{AD9FE60E-C003-4ED7-87DF-0775096FB360}"
EndProject
Project("{2150E333-8FDC-42A3-9474-1A3956D46DE8}") = "ToInt32", "ToInt32", "{2005D6D1-A615-460E-9C64-EEBE7D4888D8}"
EndProject
Project("{2150E333-8FDC-42A3-9474-1A3956D46DE8}") = "ToInt64", "ToInt64", "{A9FC16B8-8997-44D1-AED8-6CF6B1016B70}"
EndProject
Project("{2150E333-8FDC-42A3-9474-1A3956D46DE8}") = "ToSByte", "ToSByte", "{B7DFCB4C-5CAC-4E69-98B3-DD438FD0B6D6}"
EndProject
Project("{2150E333-8FDC-42A3-9474-1A3956D46DE8}") = "ToSingle", "ToSingle", "{ACFA7C5E-7194-442F-B751-C32FC59C35EF}"
EndProject
Project("{2150E333-8FDC-42A3-9474-1A3956D46DE8}") = "ToString", "ToString", "{8416C7AF-FC07-4B39-9A37-65189BC00348}"
EndProject
Project("{2150E333-8FDC-42A3-9474-1A3956D46DE8}") = "ToType", "ToType", "{83069211-946C-4211-A557-3E914198B2CA}"
EndProject
Project("{2150E333-8FDC-42A3-9474-1A3956D46DE8}") = "ToUInt16", "ToUInt16", "{AE8D623D-0BCE-4579-A157-CC4347648DB0}"
EndProject
Project("{2150E333-8FDC-42A3-9474-1A3956D46DE8}") = "ToUInt32", "ToUInt32", "{74CC8C1E-6B73-434B-A8E7-CEAEE0031ADE}"
EndProject
Project("{2150E333-8FDC-42A3-9474-1A3956D46DE8}") = "ToUInt64", "ToUInt64", "{4E1CE7DF-5E76-4C6E-90B1-7988ADD0BF43}"
EndProject
Project("{2150E333-8FDC-42A3-9474-1A3956D46DE8}") = "TryParse", "TryParse", "{B58071F2-7E9E-4DA9-BB9D-51C0E06D4DF4}"
EndProject
Project("{FAE04EC0-301F-11D3-BF4B-00C04F79EFBC}") = "Parse00", "..\Methods\Parse\Parse00\Parse00.csproj", "{17C6DFB3-683C-4CA1-80C4-5B55E52F29B7}"
EndProject
Project("{FAE04EC0-301F-11D3-BF4B-00C04F79EFBC}") = "ToBoolean00", "..\Methods\ToBoolean\ToBoolean00\ToBoolean00.csproj", "{B9895FF3-4D19-45B4-88E6-5DC34B9577EA}"
EndProject
Project("{FAE04EC0-301F-11D3-BF4B-00C04F79EFBC}") = "ToByte00", "..\Methods\ToByte\ToByte00\ToByte00.csproj", "{CE83C030-0284-4610-8ED2-C33E65D068D8}"
EndProject
Project("{FAE04EC0-301F-11D3-BF4B-00C04F79EFBC}") = "ToChar00", "..\Methods\ToChar\ToChar00\ToChar00.csproj", "{470CBF8B-176F-4519-8F67-EC876CAE5CAB}"
EndProject
Project("{FAE04EC0-301F-11D3-BF4B-00C04F79EFBC}") = "ToDateTime00", "..\Methods\ToDateTime\ToDateTime00\ToDateTime00.csproj", "{F8F6776F-804A-4DBB-AACA-9816D3BE5C18}"
EndProject
Project("{FAE04EC0-301F-11D3-BF4B-00C04F79EFBC}") = "ToDecimal00", "..\Methods\ToDecimal\ToDecimal00\ToDecimal00.csproj", "{782836C9-F103-42E3-B571-3FC7BB18FA21}"
EndProject
Project("{FAE04EC0-301F-11D3-BF4B-00C04F79EFBC}") = "ToDouble00", "..\Methods\ToDouble\ToDouble00\ToDouble00.csproj", "{B61F93CE-5C68-4348-8447-51AE4F57DD38}"
EndProject
Project("{FAE04EC0-301F-11D3-BF4B-00C04F79EFBC}") = "ToInt1600", "..\Methods\ToInt16\ToInt1600\ToInt1600.csproj", "{13B4975C-51AE-45B5-8A07-23B2577D7790}"
EndProject
Project("{FAE04EC0-301F-11D3-BF4B-00C04F79EFBC}") = "ToInt3200", "..\Methods\ToInt32\ToInt3200\ToInt3200.csproj", "{D83A4019-B9F7-425B-868E-E19CEF1318E6}"
EndProject
Project("{FAE04EC0-301F-11D3-BF4B-00C04F79EFBC}") = "ToInt6400", "..\Methods\ToInt64\ToInt6400\ToInt6400.csproj", "{29046261-A7A0-493C-96FD-82E102B485FE}"
EndProject
Project("{FAE04EC0-301F-11D3-BF4B-00C04F79EFBC}") = "ToSByte00", "..\Methods\ToSByte\ToSByte00\ToSByte00.csproj", "{51C507AE-CC4C-48D3-AD1E-9AB64B7E7E40}"
EndProject
Project("{FAE04EC0-301F-11D3-BF4B-00C04F79EFBC}") = "ToSingle00", "..\Methods\ToSingle\ToSingle00\ToSingle00.csproj", "{3B9F82CE-4F2A-48D1-83A6-71C666350233}"
EndProject
Project("{FAE04EC0-301F-11D3-BF4B-00C04F79EFBC}") = "ToString00", "..\Methods\ToString\ToString00\ToString00.csproj", "{D7F2CD3E-72A6-45F6-B8D4-612907255A0F}"
EndProject
Project("{FAE04EC0-301F-11D3-BF4B-00C04F79EFBC}") = "ToType00", "..\Methods\ToType\ToType00\ToType00.csproj", "{E7AA99A2-0DD2-454D-BF56-0657CB239550}"
EndProject
Project("{FAE04EC0-301F-11D3-BF4B-00C04F79EFBC}") = "ToUInt1600", "..\Methods\ToUInt16\ToUInt1600\ToUInt1600.csproj", "{98A60940-9CB2-4DF2-9F29-16020E9FD1D6}"
EndProject
Project("{FAE04EC0-301F-11D3-BF4B-00C04F79EFBC}") = "ToUInt3200", "..\Methods\ToUInt32\ToUInt3200\ToUInt3200.csproj", "{AFCFC110-AB60-4674-9916-778AB21421EB}"
EndProject
Project("{FAE04EC0-301F-11D3-BF4B-00C04F79EFBC}") = "ToUInt6400", "..\Methods\ToUInt64\ToUInt6400\ToUInt6400.csproj", "{838B6933-143F-4C14-836D-C0468AC7FE1F}"
EndProject
Project("{FAE04EC0-301F-11D3-BF4B-00C04F79EFBC}") = "TryParse00", "..\Methods\TryParse\TryParse00\TryParse00.csproj", "{9D82623C-DD9C-49F5-B292-0E5312A08888}"
EndProject
Global
	GlobalSection(SolutionConfigurationPlatforms) = preSolution
		Debug|Any CPU = Debug|Any CPU
		Release|Any CPU = Release|Any CPU
	EndGlobalSection
	GlobalSection(ProjectConfigurationPlatforms) = postSolution
		{955F07C0-B232-42B0-A685-CAD0A157A388}.Debug|Any CPU.ActiveCfg = Debug|Any CPU
		{955F07C0-B232-42B0-A685-CAD0A157A388}.Debug|Any CPU.Build.0 = Debug|Any CPU
		{955F07C0-B232-42B0-A685-CAD0A157A388}.Release|Any CPU.ActiveCfg = Release|Any CPU
		{955F07C0-B232-42B0-A685-CAD0A157A388}.Release|Any CPU.Build.0 = Release|Any CPU
		{23E24A91-26A0-4E45-B8D4-CB9CE9CD8498}.Debug|Any CPU.ActiveCfg = Debug|Any CPU
		{23E24A91-26A0-4E45-B8D4-CB9CE9CD8498}.Debug|Any CPU.Build.0 = Debug|Any CPU
		{23E24A91-26A0-4E45-B8D4-CB9CE9CD8498}.Release|Any CPU.ActiveCfg = Release|Any CPU
		{23E24A91-26A0-4E45-B8D4-CB9CE9CD8498}.Release|Any CPU.Build.0 = Release|Any CPU
		{944C1B1A-761C-43BC-A0F8-7D2951E3D121}.Debug|Any CPU.ActiveCfg = Debug|Any CPU
		{944C1B1A-761C-43BC-A0F8-7D2951E3D121}.Debug|Any CPU.Build.0 = Debug|Any CPU
		{944C1B1A-761C-43BC-A0F8-7D2951E3D121}.Release|Any CPU.ActiveCfg = Release|Any CPU
		{944C1B1A-761C-43BC-A0F8-7D2951E3D121}.Release|Any CPU.Build.0 = Release|Any CPU
		{6929E49A-149F-4119-AEBA-D49C5D2A5AD6}.Debug|Any CPU.ActiveCfg = Debug|Any CPU
		{6929E49A-149F-4119-AEBA-D49C5D2A5AD6}.Debug|Any CPU.Build.0 = Debug|Any CPU
		{6929E49A-149F-4119-AEBA-D49C5D2A5AD6}.Release|Any CPU.ActiveCfg = Release|Any CPU
		{6929E49A-149F-4119-AEBA-D49C5D2A5AD6}.Release|Any CPU.Build.0 = Release|Any CPU
		{5F0F1AF4-7942-46A7-84BE-32F8BA74AC08}.Debug|Any CPU.ActiveCfg = Debug|Any CPU
		{5F0F1AF4-7942-46A7-84BE-32F8BA74AC08}.Debug|Any CPU.Build.0 = Debug|Any CPU
		{5F0F1AF4-7942-46A7-84BE-32F8BA74AC08}.Release|Any CPU.ActiveCfg = Release|Any CPU
		{5F0F1AF4-7942-46A7-84BE-32F8BA74AC08}.Release|Any CPU.Build.0 = Release|Any CPU
		{4952D215-04D9-4FFF-9641-8A2C86C11373}.Debug|Any CPU.ActiveCfg = Debug|Any CPU
		{4952D215-04D9-4FFF-9641-8A2C86C11373}.Debug|Any CPU.Build.0 = Debug|Any CPU
		{4952D215-04D9-4FFF-9641-8A2C86C11373}.Release|Any CPU.ActiveCfg = Release|Any CPU
		{4952D215-04D9-4FFF-9641-8A2C86C11373}.Release|Any CPU.Build.0 = Release|Any CPU
		{17C6DFB3-683C-4CA1-80C4-5B55E52F29B7}.Debug|Any CPU.ActiveCfg = Debug|Any CPU
		{17C6DFB3-683C-4CA1-80C4-5B55E52F29B7}.Debug|Any CPU.Build.0 = Debug|Any CPU
		{17C6DFB3-683C-4CA1-80C4-5B55E52F29B7}.Release|Any CPU.ActiveCfg = Release|Any CPU
		{17C6DFB3-683C-4CA1-80C4-5B55E52F29B7}.Release|Any CPU.Build.0 = Release|Any CPU
		{B9895FF3-4D19-45B4-88E6-5DC34B9577EA}.Debug|Any CPU.ActiveCfg = Debug|Any CPU
		{B9895FF3-4D19-45B4-88E6-5DC34B9577EA}.Debug|Any CPU.Build.0 = Debug|Any CPU
		{B9895FF3-4D19-45B4-88E6-5DC34B9577EA}.Release|Any CPU.ActiveCfg = Release|Any CPU
		{B9895FF3-4D19-45B4-88E6-5DC34B9577EA}.Release|Any CPU.Build.0 = Release|Any CPU
		{CE83C030-0284-4610-8ED2-C33E65D068D8}.Debug|Any CPU.ActiveCfg = Debug|Any CPU
		{CE83C030-0284-4610-8ED2-C33E65D068D8}.Debug|Any CPU.Build.0 = Debug|Any CPU
		{CE83C030-0284-4610-8ED2-C33E65D068D8}.Release|Any CPU.ActiveCfg = Release|Any CPU
		{CE83C030-0284-4610-8ED2-C33E65D068D8}.Release|Any CPU.Build.0 = Release|Any CPU
		{470CBF8B-176F-4519-8F67-EC876CAE5CAB}.Debug|Any CPU.ActiveCfg = Debug|Any CPU
		{470CBF8B-176F-4519-8F67-EC876CAE5CAB}.Debug|Any CPU.Build.0 = Debug|Any CPU
		{470CBF8B-176F-4519-8F67-EC876CAE5CAB}.Release|Any CPU.ActiveCfg = Release|Any CPU
		{470CBF8B-176F-4519-8F67-EC876CAE5CAB}.Release|Any CPU.Build.0 = Release|Any CPU
		{F8F6776F-804A-4DBB-AACA-9816D3BE5C18}.Debug|Any CPU.ActiveCfg = Debug|Any CPU
		{F8F6776F-804A-4DBB-AACA-9816D3BE5C18}.Debug|Any CPU.Build.0 = Debug|Any CPU
		{F8F6776F-804A-4DBB-AACA-9816D3BE5C18}.Release|Any CPU.ActiveCfg = Release|Any CPU
		{F8F6776F-804A-4DBB-AACA-9816D3BE5C18}.Release|Any CPU.Build.0 = Release|Any CPU
		{782836C9-F103-42E3-B571-3FC7BB18FA21}.Debug|Any CPU.ActiveCfg = Debug|Any CPU
		{782836C9-F103-42E3-B571-3FC7BB18FA21}.Debug|Any CPU.Build.0 = Debug|Any CPU
		{782836C9-F103-42E3-B571-3FC7BB18FA21}.Release|Any CPU.ActiveCfg = Release|Any CPU
		{782836C9-F103-42E3-B571-3FC7BB18FA21}.Release|Any CPU.Build.0 = Release|Any CPU
		{B61F93CE-5C68-4348-8447-51AE4F57DD38}.Debug|Any CPU.ActiveCfg = Debug|Any CPU
		{B61F93CE-5C68-4348-8447-51AE4F57DD38}.Debug|Any CPU.Build.0 = Debug|Any CPU
		{B61F93CE-5C68-4348-8447-51AE4F57DD38}.Release|Any CPU.ActiveCfg = Release|Any CPU
		{B61F93CE-5C68-4348-8447-51AE4F57DD38}.Release|Any CPU.Build.0 = Release|Any CPU
		{13B4975C-51AE-45B5-8A07-23B2577D7790}.Debug|Any CPU.ActiveCfg = Debug|Any CPU
		{13B4975C-51AE-45B5-8A07-23B2577D7790}.Debug|Any CPU.Build.0 = Debug|Any CPU
		{13B4975C-51AE-45B5-8A07-23B2577D7790}.Release|Any CPU.ActiveCfg = Release|Any CPU
		{13B4975C-51AE-45B5-8A07-23B2577D7790}.Release|Any CPU.Build.0 = Release|Any CPU
		{D83A4019-B9F7-425B-868E-E19CEF1318E6}.Debug|Any CPU.ActiveCfg = Debug|Any CPU
		{D83A4019-B9F7-425B-868E-E19CEF1318E6}.Debug|Any CPU.Build.0 = Debug|Any CPU
		{D83A4019-B9F7-425B-868E-E19CEF1318E6}.Release|Any CPU.ActiveCfg = Release|Any CPU
		{D83A4019-B9F7-425B-868E-E19CEF1318E6}.Release|Any CPU.Build.0 = Release|Any CPU
		{29046261-A7A0-493C-96FD-82E102B485FE}.Debug|Any CPU.ActiveCfg = Debug|Any CPU
		{29046261-A7A0-493C-96FD-82E102B485FE}.Debug|Any CPU.Build.0 = Debug|Any CPU
		{29046261-A7A0-493C-96FD-82E102B485FE}.Release|Any CPU.ActiveCfg = Release|Any CPU
		{29046261-A7A0-493C-96FD-82E102B485FE}.Release|Any CPU.Build.0 = Release|Any CPU
		{51C507AE-CC4C-48D3-AD1E-9AB64B7E7E40}.Debug|Any CPU.ActiveCfg = Debug|Any CPU
		{51C507AE-CC4C-48D3-AD1E-9AB64B7E7E40}.Debug|Any CPU.Build.0 = Debug|Any CPU
		{51C507AE-CC4C-48D3-AD1E-9AB64B7E7E40}.Release|Any CPU.ActiveCfg = Release|Any CPU
		{51C507AE-CC4C-48D3-AD1E-9AB64B7E7E40}.Release|Any CPU.Build.0 = Release|Any CPU
		{3B9F82CE-4F2A-48D1-83A6-71C666350233}.Debug|Any CPU.ActiveCfg = Debug|Any CPU
		{3B9F82CE-4F2A-48D1-83A6-71C666350233}.Debug|Any CPU.Build.0 = Debug|Any CPU
		{3B9F82CE-4F2A-48D1-83A6-71C666350233}.Release|Any CPU.ActiveCfg = Release|Any CPU
		{3B9F82CE-4F2A-48D1-83A6-71C666350233}.Release|Any CPU.Build.0 = Release|Any CPU
		{D7F2CD3E-72A6-45F6-B8D4-612907255A0F}.Debug|Any CPU.ActiveCfg = Debug|Any CPU
		{D7F2CD3E-72A6-45F6-B8D4-612907255A0F}.Debug|Any CPU.Build.0 = Debug|Any CPU
		{D7F2CD3E-72A6-45F6-B8D4-612907255A0F}.Release|Any CPU.ActiveCfg = Release|Any CPU
		{D7F2CD3E-72A6-45F6-B8D4-612907255A0F}.Release|Any CPU.Build.0 = Release|Any CPU
		{E7AA99A2-0DD2-454D-BF56-0657CB239550}.Debug|Any CPU.ActiveCfg = Debug|Any CPU
		{E7AA99A2-0DD2-454D-BF56-0657CB239550}.Debug|Any CPU.Build.0 = Debug|Any CPU
		{E7AA99A2-0DD2-454D-BF56-0657CB239550}.Release|Any CPU.ActiveCfg = Release|Any CPU
		{E7AA99A2-0DD2-454D-BF56-0657CB239550}.Release|Any CPU.Build.0 = Release|Any CPU
		{98A60940-9CB2-4DF2-9F29-16020E9FD1D6}.Debug|Any CPU.ActiveCfg = Debug|Any CPU
		{98A60940-9CB2-4DF2-9F29-16020E9FD1D6}.Debug|Any CPU.Build.0 = Debug|Any CPU
		{98A60940-9CB2-4DF2-9F29-16020E9FD1D6}.Release|Any CPU.ActiveCfg = Release|Any CPU
		{98A60940-9CB2-4DF2-9F29-16020E9FD1D6}.Release|Any CPU.Build.0 = Release|Any CPU
		{AFCFC110-AB60-4674-9916-778AB21421EB}.Debug|Any CPU.ActiveCfg = Debug|Any CPU
		{AFCFC110-AB60-4674-9916-778AB21421EB}.Debug|Any CPU.Build.0 = Debug|Any CPU
		{AFCFC110-AB60-4674-9916-778AB21421EB}.Release|Any CPU.ActiveCfg = Release|Any CPU
		{AFCFC110-AB60-4674-9916-778AB21421EB}.Release|Any CPU.Build.0 = Release|Any CPU
		{838B6933-143F-4C14-836D-C0468AC7FE1F}.Debug|Any CPU.ActiveCfg = Debug|Any CPU
		{838B6933-143F-4C14-836D-C0468AC7FE1F}.Debug|Any CPU.Build.0 = Debug|Any CPU
		{838B6933-143F-4C14-836D-C0468AC7FE1F}.Release|Any CPU.ActiveCfg = Release|Any CPU
		{838B6933-143F-4C14-836D-C0468AC7FE1F}.Release|Any CPU.Build.0 = Release|Any CPU
		{9D82623C-DD9C-49F5-B292-0E5312A08888}.Debug|Any CPU.ActiveCfg = Debug|Any CPU
		{9D82623C-DD9C-49F5-B292-0E5312A08888}.Debug|Any CPU.Build.0 = Debug|Any CPU
		{9D82623C-DD9C-49F5-B292-0E5312A08888}.Release|Any CPU.ActiveCfg = Release|Any CPU
		{9D82623C-DD9C-49F5-B292-0E5312A08888}.Release|Any CPU.Build.0 = Release|Any CPU
	EndGlobalSection
	GlobalSection(SolutionProperties) = preSolution
		HideSolutionNode = FALSE
	EndGlobalSection
	GlobalSection(NestedProjects) = preSolution
		{2C1CC63E-E182-4CF2-95B2-8DA4D5A4F3AF} = {9C5F522D-0387-4FF4-BB5F-959704021961}
		{7B6581FD-0EBF-4601-B363-7A13A8E69BFF} = {9C5F522D-0387-4FF4-BB5F-959704021961}
		{955F07C0-B232-42B0-A685-CAD0A157A388} = {2C1CC63E-E182-4CF2-95B2-8DA4D5A4F3AF}
		{23E24A91-26A0-4E45-B8D4-CB9CE9CD8498} = {7B6581FD-0EBF-4601-B363-7A13A8E69BFF}
		{B96D3CC7-40D6-4569-893E-BE681613D16C} = {3A281D5B-EA38-47E6-ADFF-B7EF59F02855}
		{432639AE-0BFB-4F31-BC63-D44CF7F312EA} = {3A281D5B-EA38-47E6-ADFF-B7EF59F02855}
		{48A61FA2-6D03-427C-93CE-1AB5EFBC2FDA} = {3A281D5B-EA38-47E6-ADFF-B7EF59F02855}
		{B3FCC8F8-FE40-4C67-937C-CF6CC57B0316} = {3A281D5B-EA38-47E6-ADFF-B7EF59F02855}
		{B2D697E6-FE6F-45FD-B9C8-3560705579EF} = {3A281D5B-EA38-47E6-ADFF-B7EF59F02855}
		{6907EFF7-CB82-44DC-83BA-73DAEA4E84D5} = {3A281D5B-EA38-47E6-ADFF-B7EF59F02855}
		{689C7A17-055D-48A9-BF18-A0E30BB28125} = {3A281D5B-EA38-47E6-ADFF-B7EF59F02855}
		{8A75DC92-A6CE-4E91-AF31-FE3D87396E3B} = {3A281D5B-EA38-47E6-ADFF-B7EF59F02855}
		{5FD44241-A194-4544-9C71-9D1424212555} = {3A281D5B-EA38-47E6-ADFF-B7EF59F02855}
		{AD9FE60E-C003-4ED7-87DF-0775096FB360} = {3A281D5B-EA38-47E6-ADFF-B7EF59F02855}
		{2005D6D1-A615-460E-9C64-EEBE7D4888D8} = {3A281D5B-EA38-47E6-ADFF-B7EF59F02855}
		{A9FC16B8-8997-44D1-AED8-6CF6B1016B70} = {3A281D5B-EA38-47E6-ADFF-B7EF59F02855}
		{B7DFCB4C-5CAC-4E69-98B3-DD438FD0B6D6} = {3A281D5B-EA38-47E6-ADFF-B7EF59F02855}
		{ACFA7C5E-7194-442F-B751-C32FC59C35EF} = {3A281D5B-EA38-47E6-ADFF-B7EF59F02855}
		{8416C7AF-FC07-4B39-9A37-65189BC00348} = {3A281D5B-EA38-47E6-ADFF-B7EF59F02855}
		{83069211-946C-4211-A557-3E914198B2CA} = {3A281D5B-EA38-47E6-ADFF-B7EF59F02855}
		{AE8D623D-0BCE-4579-A157-CC4347648DB0} = {3A281D5B-EA38-47E6-ADFF-B7EF59F02855}
		{74CC8C1E-6B73-434B-A8E7-CEAEE0031ADE} = {3A281D5B-EA38-47E6-ADFF-B7EF59F02855}
		{4E1CE7DF-5E76-4C6E-90B1-7988ADD0BF43} = {3A281D5B-EA38-47E6-ADFF-B7EF59F02855}
		{B58071F2-7E9E-4DA9-BB9D-51C0E06D4DF4} = {3A281D5B-EA38-47E6-ADFF-B7EF59F02855}
		{6929E49A-149F-4119-AEBA-D49C5D2A5AD6} = {B96D3CC7-40D6-4569-893E-BE681613D16C}
		{944C1B1A-761C-43BC-A0F8-7D2951E3D121} = {B96D3CC7-40D6-4569-893E-BE681613D16C}
		{4952D215-04D9-4FFF-9641-8A2C86C11373} = {432639AE-0BFB-4F31-BC63-D44CF7F312EA}
		{5F0F1AF4-7942-46A7-84BE-32F8BA74AC08} = {432639AE-0BFB-4F31-BC63-D44CF7F312EA}
		{17C6DFB3-683C-4CA1-80C4-5B55E52F29B7} = {48A61FA2-6D03-427C-93CE-1AB5EFBC2FDA}
		{B9895FF3-4D19-45B4-88E6-5DC34B9577EA} = {B3FCC8F8-FE40-4C67-937C-CF6CC57B0316}
		{CE83C030-0284-4610-8ED2-C33E65D068D8} = {B2D697E6-FE6F-45FD-B9C8-3560705579EF}
		{470CBF8B-176F-4519-8F67-EC876CAE5CAB} = {6907EFF7-CB82-44DC-83BA-73DAEA4E84D5}
		{F8F6776F-804A-4DBB-AACA-9816D3BE5C18} = {689C7A17-055D-48A9-BF18-A0E30BB28125}
		{782836C9-F103-42E3-B571-3FC7BB18FA21} = {8A75DC92-A6CE-4E91-AF31-FE3D87396E3B}
		{B61F93CE-5C68-4348-8447-51AE4F57DD38} = {5FD44241-A194-4544-9C71-9D1424212555}
		{13B4975C-51AE-45B5-8A07-23B2577D7790} = {AD9FE60E-C003-4ED7-87DF-0775096FB360}
		{D83A4019-B9F7-425B-868E-E19CEF1318E6} = {2005D6D1-A615-460E-9C64-EEBE7D4888D8}
		{29046261-A7A0-493C-96FD-82E102B485FE} = {A9FC16B8-8997-44D1-AED8-6CF6B1016B70}
		{51C507AE-CC4C-48D3-AD1E-9AB64B7E7E40} = {B7DFCB4C-5CAC-4E69-98B3-DD438FD0B6D6}
		{3B9F82CE-4F2A-48D1-83A6-71C666350233} = {ACFA7C5E-7194-442F-B751-C32FC59C35EF}
		{D7F2CD3E-72A6-45F6-B8D4-612907255A0F} = {8416C7AF-FC07-4B39-9A37-65189BC00348}
		{E7AA99A2-0DD2-454D-BF56-0657CB239550} = {83069211-946C-4211-A557-3E914198B2CA}
		{98A60940-9CB2-4DF2-9F29-16020E9FD1D6} = {AE8D623D-0BCE-4579-A157-CC4347648DB0}
		{AFCFC110-AB60-4674-9916-778AB21421EB} = {74CC8C1E-6B73-434B-A8E7-CEAEE0031ADE}
		{838B6933-143F-4C14-836D-C0468AC7FE1F} = {4E1CE7DF-5E76-4C6E-90B1-7988ADD0BF43}
		{9D82623C-DD9C-49F5-B292-0E5312A08888} = {B58071F2-7E9E-4DA9-BB9D-51C0E06D4DF4}
	EndGlobalSection
EndGlobal
