
Microsoft Visual Studio Solution File, Format Version 12.00
# Visual Studio 2012
Project("{FAE04EC0-301F-11D3-BF4B-00C04F79EFBC}") = "CompareTo00", "CompareTo00\CompareTo00.csproj", "{C00EBE79-FFE7-4954-B752-FBD6CB865D83}"
EndProject
Project("{FAE04EC0-301F-11D3-BF4B-00C04F79EFBC}") = "CompareTo01", "CompareTo01\CompareTo01.csproj", "{712B1C85-6205-4E19-9E5F-E2FFFECF52AD}"
EndProject
Global	
	GlobalSection(SolutionConfigurationPlatforms) = preSolution
		Debug|Any CPU = Debug|Any CPU
		Release|Any CPU = Release|Any CPU
	EndGlobalSection
	GlobalSection(ProjectConfigurationPlatforms) = postSolution
		{712B1C85-6205-4E19-9E5F-E2FFFECF52AD}.Debug|Any CPU.ActiveCfg = Debug|Any CPU
		{712B1C85-6205-4E19-9E5F-E2FFFECF52AD}.Debug|Any CPU.Build.0 = Debug|Any CPU
		{712B1C85-6205-4E19-9E5F-E2FFFECF52AD}.Release|Any CPU.ActiveCfg = Release|Any CPU
		{712B1C85-6205-4E19-9E5F-E2FFFECF52AD}.Release|Any CPU.Build.0 = Release|Any CPU
		{C00EBE79-FFE7-4954-B752-FBD6CB865D83}.Debug|Any CPU.ActiveCfg = Debug|Any CPU
		{C00EBE79-FFE7-4954-B752-FBD6CB865D83}.Debug|Any CPU.Build.0 = Debug|Any CPU
		{C00EBE79-FFE7-4954-B752-FBD6CB865D83}.Release|Any CPU.ActiveCfg = Release|Any CPU
		{C00EBE79-FFE7-4954-B752-FBD6CB865D83}.Release|Any CPU.Build.0 = Release|Any CPU
	EndGlobalSection
	GlobalSection(SolutionProperties) = preSolution
		HideSolutionNode = FALSE
	EndGlobalSection
EndGlobal
