
Microsoft Visual Studio Solution File, Format Version 11.00
# Visual Studio 2010
Project("{FAE04EC0-301F-11D3-BF4B-00C04F79EFBC}") = "TranformationExplorer", "TranformationExplorer.csproj", "{153A3191-65DA-4BDF-848A-82CB1289731B}"
EndProject
Global
	GlobalSection(SolutionConfigurationPlatforms) = preSolution
		Debug|x86 = Debug|x86
	EndGlobalSection
	GlobalSection(ProjectConfigurationPlatforms) = postSolution
		{153A3191-65DA-4BDF-848A-82CB1289731B}.Debug|x86.ActiveCfg = Debug|x86
		{153A3191-65DA-4BDF-848A-82CB1289731B}.Debug|x86.Build.0 = Debug|x86
	EndGlobalSection
	GlobalSection(SolutionProperties) = preSolution
		HideSolutionNode = FALSE
	EndGlobalSection
EndGlobal
