Microsoft Visual Studio Solution File, Format Version 11.00
# Visual Studio 2010
Project("{FAE04EC0-301F-11D3-BF4B-00C04F79EFBC}") = "CustomControls", "CustomControls.csproj", "{1CA81AE6-64A7-43E4-B82C-AEB21502E026}"
EndProject
Project("{FAE04EC0-301F-11D3-BF4B-00C04F79EFBC}") = "TestBed", "..\a\TestBed.csproj", "{7CA2BB60-680F-4A95-915E-6D053E6AC193}"
EndProject
Global
	GlobalSection(SolutionConfigurationPlatforms) = preSolution
		Debug|Any CPU = Debug|Any CPU
		Release|Any CPU = Release|Any CPU
	EndGlobalSection
	GlobalSection(ProjectConfigurationPlatforms) = postSolution
		{1CA81AE6-64A7-43E4-B82C-AEB21502E026}.Debug|Any CPU.ActiveCfg = Debug|Any CPU
		{1CA81AE6-64A7-43E4-B82C-AEB21502E026}.Debug|Any CPU.Build.0 = Debug|Any CPU
		{1CA81AE6-64A7-43E4-B82C-AEB21502E026}.Release|Any CPU.ActiveCfg = Release|Any CPU
		{1CA81AE6-64A7-43E4-B82C-AEB21502E026}.Release|Any CPU.Build.0 = Release|Any CPU
		{7CA2BB60-680F-4A95-915E-6D053E6AC193}.Debug|Any CPU.ActiveCfg = Debug|Any CPU
		{7CA2BB60-680F-4A95-915E-6D053E6AC193}.Debug|Any CPU.Build.0 = Debug|Any CPU
		{7CA2BB60-680F-4A95-915E-6D053E6AC193}.Release|Any CPU.ActiveCfg = Release|Any CPU
		{7CA2BB60-680F-4A95-915E-6D053E6AC193}.Release|Any CPU.Build.0 = Release|Any CPU
	EndGlobalSection
	GlobalSection(SolutionProperties) = preSolution
		HideSolutionNode = FALSE
	EndGlobalSection
EndGlobal
