
Microsoft Visual Studio Solution File, Format Version 11.00
# Visual Studio 2010
Project("{FAE04EC0-301F-11D3-BF4B-00C04F79EFBC}") = "GraficosGrids", "GraficosGrids\GraficosGrids.csproj", "{2FE01717-1D62-4181-8931-6DA743966A02}"
EndProject
Global
	GlobalSection(SolutionConfigurationPlatforms) = preSolution
		Debug|Any CPU = Debug|Any CPU
		Release|Any CPU = Release|Any CPU
	EndGlobalSection
	GlobalSection(ProjectConfigurationPlatforms) = postSolution
		{2FE01717-1D62-4181-8931-6DA743966A02}.Debug|Any CPU.ActiveCfg = Debug|Any CPU
		{2FE01717-1D62-4181-8931-6DA743966A02}.Debug|Any CPU.Build.0 = Debug|Any CPU
		{2FE01717-1D62-4181-8931-6DA743966A02}.Release|Any CPU.ActiveCfg = Release|Any CPU
		{2FE01717-1D62-4181-8931-6DA743966A02}.Release|Any CPU.Build.0 = Release|Any CPU
	EndGlobalSection
	GlobalSection(SolutionProperties) = preSolution
		HideSolutionNode = FALSE
	EndGlobalSection
EndGlobal
