
Microsoft Visual Studio Solution File, Format Version 11.00
# Visual Studio 2010
Project("{FAE04EC0-301F-11D3-BF4B-00C04F79EFBC}") = "DummyProj", "DummyProj.csproj", "{8E569501-E8E7-425E-90B5-4C3AFA2F1905}"
EndProject
Global
	GlobalSection(SolutionConfigurationPlatforms) = preSolution
		Debug|Any CPU = Debug|Any CPU
		Release|Any CPU = Release|Any CPU
	EndGlobalSection
	GlobalSection(ProjectConfigurationPlatforms) = postSolution
		{8E569501-E8E7-425E-90B5-4C3AFA2F1905}.Debug|Any CPU.ActiveCfg = Debug|Any CPU
		{8E569501-E8E7-425E-90B5-4C3AFA2F1905}.Debug|Any CPU.Build.0 = Debug|Any CPU
		{8E569501-E8E7-425E-90B5-4C3AFA2F1905}.Release|Any CPU.ActiveCfg = Release|Any CPU
		{8E569501-E8E7-425E-90B5-4C3AFA2F1905}.Release|Any CPU.Build.0 = Release|Any CPU
	EndGlobalSection
	GlobalSection(SolutionProperties) = preSolution
		HideSolutionNode = FALSE
	EndGlobalSection
EndGlobal
