
Microsoft Visual Studio Solution File, Format Version 11.00
# Visual Studio 2010
Project("{FAE04EC0-301F-11D3-BF4B-00C04F79EFBC}") = "MaterialGroupsScreenSaver", "MaterialGroupsScreenSaver.csproj", "{F5E3F3B3-D540-4B01-BB1C-0CF6EF191FA3}"
EndProject
Global
	GlobalSection(SolutionConfigurationPlatforms) = preSolution
		Debug|Any CPU = Debug|Any CPU
		Release|Any CPU = Release|Any CPU
	EndGlobalSection
	GlobalSection(ProjectConfigurationPlatforms) = postSolution
		{F5E3F3B3-D540-4B01-BB1C-0CF6EF191FA3}.Debug|Any CPU.ActiveCfg = Debug|Any CPU
		{F5E3F3B3-D540-4B01-BB1C-0CF6EF191FA3}.Debug|Any CPU.Build.0 = Debug|Any CPU
		{F5E3F3B3-D540-4B01-BB1C-0CF6EF191FA3}.Release|Any CPU.ActiveCfg = Release|Any CPU
		{F5E3F3B3-D540-4B01-BB1C-0CF6EF191FA3}.Release|Any CPU.Build.0 = Release|Any CPU
	EndGlobalSection
	GlobalSection(SolutionProperties) = preSolution
		HideSolutionNode = FALSE
	EndGlobalSection
EndGlobal
