
Microsoft Visual Studio Solution File, Format Version 11.00
# Visual Studio 2010
Project("{2150E333-8FDC-42A3-9474-1A3956D46DE8}") = "Example", "Example", "{F95DB5F6-80D0-4D3A-8A00-1A29F964A528}"
EndProject
Project("{FAE04EC0-301F-11D3-BF4B-00C04F79EFBC}") = "Presenters", "Presenters\Presenters.csproj", "{F970BA78-D9F6-4E6E-83F9-5752BBBB369E}"
EndProject
Project("{FAE04EC0-301F-11D3-BF4B-00C04F79EFBC}") = "Views", "Views\Views.csproj", "{7813E3E0-6F4E-4B97-B277-A80FA41A24EB}"
EndProject
Project("{FAE04EC0-301F-11D3-BF4B-00C04F79EFBC}") = "Web", "Web\Web.csproj", "{C6FD74AF-093D-4058-B608-5CA8DBD556CA}"
EndProject
Project("{FAE04EC0-301F-11D3-BF4B-00C04F79EFBC}") = "ViewsImpl", "ViewsImpl\ViewsImpl.csproj", "{20C59044-C1EB-46DB-84F7-C197464B7693}"
EndProject
Project("{FAE04EC0-301F-11D3-BF4B-00C04F79EFBC}") = "WebApplicationExample", "WebApplicationExample\WebApplicationExample.csproj", "{2D88617E-B46A-4E5B-B4DA-A19014B73470}"
EndProject
Project("{FAE04EC0-301F-11D3-BF4B-00C04F79EFBC}") = "PresentersImpl", "PresentersImpl\PresentersImpl.csproj", "{C14FB827-FEBA-4E06-9BA0-B55563FC60B9}"
EndProject
Project("{FAE04EC0-301F-11D3-BF4B-00C04F79EFBC}") = "ModeImpl", "ModelImpl\ModeImpl.csproj", "{7FACDC60-C204-419F-887E-3D4B10E91ADF}"
EndProject
Global
	GlobalSection(SolutionConfigurationPlatforms) = preSolution
		Debug|Any CPU = Debug|Any CPU
		Release|Any CPU = Release|Any CPU
	EndGlobalSection
	GlobalSection(ProjectConfigurationPlatforms) = postSolution
		{F970BA78-D9F6-4E6E-83F9-5752BBBB369E}.Debug|Any CPU.ActiveCfg = Debug|Any CPU
		{F970BA78-D9F6-4E6E-83F9-5752BBBB369E}.Debug|Any CPU.Build.0 = Debug|Any CPU
		{F970BA78-D9F6-4E6E-83F9-5752BBBB369E}.Release|Any CPU.ActiveCfg = Release|Any CPU
		{F970BA78-D9F6-4E6E-83F9-5752BBBB369E}.Release|Any CPU.Build.0 = Release|Any CPU
		{7813E3E0-6F4E-4B97-B277-A80FA41A24EB}.Debug|Any CPU.ActiveCfg = Debug|Any CPU
		{7813E3E0-6F4E-4B97-B277-A80FA41A24EB}.Debug|Any CPU.Build.0 = Debug|Any CPU
		{7813E3E0-6F4E-4B97-B277-A80FA41A24EB}.Release|Any CPU.ActiveCfg = Release|Any CPU
		{7813E3E0-6F4E-4B97-B277-A80FA41A24EB}.Release|Any CPU.Build.0 = Release|Any CPU
		{C6FD74AF-093D-4058-B608-5CA8DBD556CA}.Debug|Any CPU.ActiveCfg = Debug|Any CPU
		{C6FD74AF-093D-4058-B608-5CA8DBD556CA}.Debug|Any CPU.Build.0 = Debug|Any CPU
		{C6FD74AF-093D-4058-B608-5CA8DBD556CA}.Release|Any CPU.ActiveCfg = Release|Any CPU
		{C6FD74AF-093D-4058-B608-5CA8DBD556CA}.Release|Any CPU.Build.0 = Release|Any CPU
		{20C59044-C1EB-46DB-84F7-C197464B7693}.Debug|Any CPU.ActiveCfg = Debug|Any CPU
		{20C59044-C1EB-46DB-84F7-C197464B7693}.Debug|Any CPU.Build.0 = Debug|Any CPU
		{20C59044-C1EB-46DB-84F7-C197464B7693}.Release|Any CPU.ActiveCfg = Release|Any CPU
		{20C59044-C1EB-46DB-84F7-C197464B7693}.Release|Any CPU.Build.0 = Release|Any CPU
		{2D88617E-B46A-4E5B-B4DA-A19014B73470}.Debug|Any CPU.ActiveCfg = Debug|Any CPU
		{2D88617E-B46A-4E5B-B4DA-A19014B73470}.Debug|Any CPU.Build.0 = Debug|Any CPU
		{2D88617E-B46A-4E5B-B4DA-A19014B73470}.Release|Any CPU.ActiveCfg = Release|Any CPU
		{2D88617E-B46A-4E5B-B4DA-A19014B73470}.Release|Any CPU.Build.0 = Release|Any CPU
		{C14FB827-FEBA-4E06-9BA0-B55563FC60B9}.Debug|Any CPU.ActiveCfg = Debug|Any CPU
		{C14FB827-FEBA-4E06-9BA0-B55563FC60B9}.Debug|Any CPU.Build.0 = Debug|Any CPU
		{C14FB827-FEBA-4E06-9BA0-B55563FC60B9}.Release|Any CPU.ActiveCfg = Release|Any CPU
		{C14FB827-FEBA-4E06-9BA0-B55563FC60B9}.Release|Any CPU.Build.0 = Release|Any CPU
		{7FACDC60-C204-419F-887E-3D4B10E91ADF}.Debug|Any CPU.ActiveCfg = Debug|Any CPU
		{7FACDC60-C204-419F-887E-3D4B10E91ADF}.Debug|Any CPU.Build.0 = Debug|Any CPU
		{7FACDC60-C204-419F-887E-3D4B10E91ADF}.Release|Any CPU.ActiveCfg = Release|Any CPU
		{7FACDC60-C204-419F-887E-3D4B10E91ADF}.Release|Any CPU.Build.0 = Release|Any CPU
	EndGlobalSection
	GlobalSection(SolutionProperties) = preSolution
		HideSolutionNode = FALSE
	EndGlobalSection
	GlobalSection(NestedProjects) = preSolution
		{20C59044-C1EB-46DB-84F7-C197464B7693} = {F95DB5F6-80D0-4D3A-8A00-1A29F964A528}
		{2D88617E-B46A-4E5B-B4DA-A19014B73470} = {F95DB5F6-80D0-4D3A-8A00-1A29F964A528}
		{C14FB827-FEBA-4E06-9BA0-B55563FC60B9} = {F95DB5F6-80D0-4D3A-8A00-1A29F964A528}
		{7FACDC60-C204-419F-887E-3D4B10E91ADF} = {F95DB5F6-80D0-4D3A-8A00-1A29F964A528}
	EndGlobalSection
EndGlobal
