
Microsoft Visual Studio Solution File, Format Version 11.00
# Visual Studio 2010
Project("{FAE04EC0-301F-11D3-BF4B-00C04F79EFBC}") = "DynamicProperties", "DynamicProperties\DynamicProperties.csproj", "{1A82D2E3-AB0A-4221-AF51-7F352FF685C6}"
EndProject
Project("{FAE04EC0-301F-11D3-BF4B-00C04F79EFBC}") = "Sample", "Sample\Sample.csproj", "{C44365A5-0C5E-432E-90BA-182A3DAAA408}"
EndProject
Global
	GlobalSection(SolutionConfigurationPlatforms) = preSolution
		Debug|Any CPU = Debug|Any CPU
		Release|Any CPU = Release|Any CPU
	EndGlobalSection
	GlobalSection(ProjectConfigurationPlatforms) = postSolution
		{1A82D2E3-AB0A-4221-AF51-7F352FF685C6}.Debug|Any CPU.ActiveCfg = Debug|Any CPU
		{1A82D2E3-AB0A-4221-AF51-7F352FF685C6}.Debug|Any CPU.Build.0 = Debug|Any CPU
		{1A82D2E3-AB0A-4221-AF51-7F352FF685C6}.Release|Any CPU.ActiveCfg = Release|Any CPU
		{1A82D2E3-AB0A-4221-AF51-7F352FF685C6}.Release|Any CPU.Build.0 = Release|Any CPU
		{C44365A5-0C5E-432E-90BA-182A3DAAA408}.Debug|Any CPU.ActiveCfg = Debug|Any CPU
		{C44365A5-0C5E-432E-90BA-182A3DAAA408}.Debug|Any CPU.Build.0 = Debug|Any CPU
		{C44365A5-0C5E-432E-90BA-182A3DAAA408}.Release|Any CPU.ActiveCfg = Release|Any CPU
		{C44365A5-0C5E-432E-90BA-182A3DAAA408}.Release|Any CPU.Build.0 = Release|Any CPU
	EndGlobalSection
	GlobalSection(SolutionProperties) = preSolution
		HideSolutionNode = FALSE
	EndGlobalSection
EndGlobal
