
Microsoft Visual Studio Solution File, Format Version 11.00
# Visual Studio 2010
Project("{FAE04EC0-301F-11D3-BF4B-00C04F79EFBC}") = "WpfIconButton", "WpfIconButton\WpfIconButton.csproj", "{CC20AE0E-305F-403C-8577-EDB84BB81190}"
EndProject
Global
	GlobalSection(SolutionConfigurationPlatforms) = preSolution
		Debug|Any CPU = Debug|Any CPU
		Release|Any CPU = Release|Any CPU
	EndGlobalSection
	GlobalSection(ProjectConfigurationPlatforms) = postSolution
		{CC20AE0E-305F-403C-8577-EDB84BB81190}.Debug|Any CPU.ActiveCfg = Debug|Any CPU
		{CC20AE0E-305F-403C-8577-EDB84BB81190}.Debug|Any CPU.Build.0 = Debug|Any CPU
		{CC20AE0E-305F-403C-8577-EDB84BB81190}.Release|Any CPU.ActiveCfg = Release|Any CPU
		{CC20AE0E-305F-403C-8577-EDB84BB81190}.Release|Any CPU.Build.0 = Release|Any CPU
	EndGlobalSection
	GlobalSection(SolutionProperties) = preSolution
		HideSolutionNode = FALSE
	EndGlobalSection
EndGlobal
