
Microsoft Visual Studio Solution File, Format Version 11.00
# Visual Studio 2010
Project("{FAE04EC0-301F-11D3-BF4B-00C04F79EFBC}") = "GridSample", "GridSample\GridSample.csproj", "{BF30BB6C-BDE5-4851-B24E-60CAAA812292}"
	ProjectSection(ProjectDependencies) = postProject
		{71D319D0-81BC-4D6B-BCE1-0D5818B402C5} = {71D319D0-81BC-4D6B-BCE1-0D5818B402C5}
	EndProjectSection
EndProject
Project("{FAE04EC0-301F-11D3-BF4B-00C04F79EFBC}") = "GridSample.Web", "GridSample.Web\GridSample.Web.csproj", "{71D319D0-81BC-4D6B-BCE1-0D5818B402C5}"
EndProject
Global
	GlobalSection(SolutionConfigurationPlatforms) = preSolution
		Debug|Any CPU = Debug|Any CPU
		Release|Any CPU = Release|Any CPU
	EndGlobalSection
	GlobalSection(ProjectConfigurationPlatforms) = postSolution
		{BF30BB6C-BDE5-4851-B24E-60CAAA812292}.Debug|Any CPU.ActiveCfg = Debug|Any CPU
		{BF30BB6C-BDE5-4851-B24E-60CAAA812292}.Debug|Any CPU.Build.0 = Debug|Any CPU
		{BF30BB6C-BDE5-4851-B24E-60CAAA812292}.Release|Any CPU.ActiveCfg = Release|Any CPU
		{BF30BB6C-BDE5-4851-B24E-60CAAA812292}.Release|Any CPU.Build.0 = Release|Any CPU
		{71D319D0-81BC-4D6B-BCE1-0D5818B402C5}.Debug|Any CPU.ActiveCfg = Debug|Any CPU
		{71D319D0-81BC-4D6B-BCE1-0D5818B402C5}.Debug|Any CPU.Build.0 = Debug|Any CPU
		{71D319D0-81BC-4D6B-BCE1-0D5818B402C5}.Release|Any CPU.ActiveCfg = Release|Any CPU
		{71D319D0-81BC-4D6B-BCE1-0D5818B402C5}.Release|Any CPU.Build.0 = Release|Any CPU
	EndGlobalSection
	GlobalSection(SolutionProperties) = preSolution
		HideSolutionNode = FALSE
	EndGlobalSection
EndGlobal
