<?xml version="1.0" encoding="utf-8"?>
<Project ToolsVersion="4.0" xmlns="http://schemas.microsoft.com/developer/msbuild/2003">
  <ItemGroup>
    <Filter Include="Source Files">
      <UniqueIdentifier>{4FC737F1-C7A5-4376-A066-2A32D752A2FF}</UniqueIdentifier>
      <Extensions>cpp;c;cxx;def;odl;idl;hpj;bat;asm;asmx</Extensions>
    </Filter>
    <Filter Include="Header Files">
      <UniqueIdentifier>{93995380-89BD-4b04-88EB-625FBE52EBFB}</UniqueIdentifier>
      <Extensions>h;hpp;hxx;hm;inl;inc;xsd</Extensions>
    </Filter>
    <Filter Include="Resource Files">
      <UniqueIdentifier>{67DA6AB6-F800-4c08-8B7A-83BB121AAD01}</UniqueIdentifier>
      <Extensions>rc;ico;cur;bmp;dlg;rc2;rct;bin;rgs;gif;jpg;jpeg;jpe;resx</Extensions>
    </Filter>
    <Filter Include="FIlterEdit">
      <UniqueIdentifier>{6f73f5f8-42c0-4c9e-803b-5abd9e39ee3e}</UniqueIdentifier>
    </Filter>
  </ItemGroup>
  <ItemGroup>
    <ClCompile Include="AutoComboBox\autocbox.cpp">
      <Filter>Source Files</Filter>
    </ClCompile>
    <ClCompile Include="BCMenu\BCMenu.cpp">
      <Filter>Source Files</Filter>
    </ClCompile>
    <ClCompile Include="ColorButton\ColorButton.cpp">
      <Filter>Source Files</Filter>
    </ClCompile>
    <ClCompile Include="ColorButton\ColourPopup.cpp">
      <Filter>Source Files</Filter>
    </ClCompile>
    <ClCompile Include="UpdateCheck\Connection.cpp">
      <Filter>Source Files</Filter>
    </ClCompile>
    <ClCompile Include="UpdateCheck\DlgChkUpdates.cpp">
      <Filter>Source Files</Filter>
    </ClCompile>
    <ClCompile Include="DlgHelp.cpp">
      <Filter>Source Files</Filter>
    </ClCompile>
    <ClCompile Include="DlgLibPreview.cpp">
      <Filter>Source Files</Filter>
    </ClCompile>
    <ClCompile Include="DlgNewToolbar.cpp">
      <Filter>Source Files</Filter>
    </ClCompile>
    <ClCompile Include="DlgOptions.cpp">
      <Filter>Source Files</Filter>
    </ClCompile>
    <ClCompile Include="AutoComboBox\FocusEditCtrl.cpp">
      <Filter>Source Files</Filter>
    </ClCompile>
    <ClCompile Include="HyperLink\HyperLink.cpp">
      <Filter>Source Files</Filter>
    </ClCompile>
    <ClCompile Include="Label\Label.cpp">
      <Filter>Source Files</Filter>
    </ClCompile>
    <ClCompile Include="MagDialog.cpp">
      <Filter>Source Files</Filter>
    </ClCompile>
    <ClCompile Include="MyToolBarCtrl.cpp">
      <Filter>Source Files</Filter>
    </ClCompile>
    <ClCompile Include="Path.cpp">
      <Filter>Source Files</Filter>
    </ClCompile>
    <ClCompile Include="Quantize\Quantize.cpp">
      <Filter>Source Files</Filter>
    </ClCompile>
    <ClCompile Include="ReportCtrl\ReportCtrl.cpp">
      <Filter>Source Files</Filter>
    </ClCompile>
    <ClCompile Include="stdafx.cpp">
      <Filter>Source Files</Filter>
    </ClCompile>
    <ClCompile Include="TBarGenAddin.cpp">
      <Filter>Source Files</Filter>
    </ClCompile>
    <ClCompile Include="TBarGenAddinDlg.cpp">
      <Filter>Source Files</Filter>
    </ClCompile>
    <ClCompile Include="tools.cpp">
      <Filter>Source Files</Filter>
    </ClCompile>
    <ClCompile Include="TrueColorToolBar\TrueColorToolBar.cpp">
      <Filter>Source Files</Filter>
    </ClCompile>
    <ClCompile Include="filteredit\DfaRegEx.cpp">
      <Filter>FIlterEdit</Filter>
    </ClCompile>
    <ClCompile Include="filteredit\FilterEdit.cpp">
      <Filter>FIlterEdit</Filter>
    </ClCompile>
    <ClCompile Include="filteredit\NfaRegEx.cpp">
      <Filter>FIlterEdit</Filter>
    </ClCompile>
    <ClCompile Include="filteredit\RegExTokeniser.cpp">
      <Filter>FIlterEdit</Filter>
    </ClCompile>
  </ItemGroup>
  <ItemGroup>
    <ClInclude Include="AutoComboBox\autocbox.h">
      <Filter>Header Files</Filter>
    </ClInclude>
    <ClInclude Include="BCMenu\BCMenu.h">
      <Filter>Header Files</Filter>
    </ClInclude>
    <ClInclude Include="ColorButton\ColorButton.h">
      <Filter>Header Files</Filter>
    </ClInclude>
    <ClInclude Include="ColorButton\ColourPopup.h">
      <Filter>Header Files</Filter>
    </ClInclude>
    <ClInclude Include="UpdateCheck\Connection.h">
      <Filter>Header Files</Filter>
    </ClInclude>
    <ClInclude Include="UpdateCheck\DlgChkUpdates.h">
      <Filter>Header Files</Filter>
    </ClInclude>
    <ClInclude Include="DlgHelp.h">
      <Filter>Header Files</Filter>
    </ClInclude>
    <ClInclude Include="DlgLibPreview.h">
      <Filter>Header Files</Filter>
    </ClInclude>
    <ClInclude Include="DlgNewToolbar.h">
      <Filter>Header Files</Filter>
    </ClInclude>
    <ClInclude Include="DlgOptions.h">
      <Filter>Header Files</Filter>
    </ClInclude>
    <ClInclude Include="AutoComboBox\FocusEditCtrl.h">
      <Filter>Header Files</Filter>
    </ClInclude>
    <ClInclude Include="HyperLink\HyperLink.h">
      <Filter>Header Files</Filter>
    </ClInclude>
    <ClInclude Include="Label\Label.h">
      <Filter>Header Files</Filter>
    </ClInclude>
    <ClInclude Include="MagDialog.h">
      <Filter>Header Files</Filter>
    </ClInclude>
    <ClInclude Include="MyToolBarCtrl.h">
      <Filter>Header Files</Filter>
    </ClInclude>
    <ClInclude Include="Path.h">
      <Filter>Header Files</Filter>
    </ClInclude>
    <ClInclude Include="Quantize\Quantize.h">
      <Filter>Header Files</Filter>
    </ClInclude>
    <ClInclude Include="ReportCtrl\ReportCtrl.h">
      <Filter>Header Files</Filter>
    </ClInclude>
    <ClInclude Include="Resource.h">
      <Filter>Header Files</Filter>
    </ClInclude>
    <ClInclude Include="stdafx.h">
      <Filter>Header Files</Filter>
    </ClInclude>
    <ClInclude Include="TBarGenAddin.h">
      <Filter>Header Files</Filter>
    </ClInclude>
    <ClInclude Include="TBarGenAddinDlg.h">
      <Filter>Header Files</Filter>
    </ClInclude>
    <ClInclude Include="tools.h">
      <Filter>Header Files</Filter>
    </ClInclude>
    <ClInclude Include="TrueColorToolBar\TrueColorToolBar.h">
      <Filter>Header Files</Filter>
    </ClInclude>
    <ClInclude Include="filteredit\DfaRegEx.h">
      <Filter>FIlterEdit</Filter>
    </ClInclude>
    <ClInclude Include="filteredit\DfaRegExTypedefs.h">
      <Filter>FIlterEdit</Filter>
    </ClInclude>
    <ClInclude Include="filteredit\FilterEdit.h">
      <Filter>FIlterEdit</Filter>
    </ClInclude>
    <ClInclude Include="filteredit\NfaRegEx.h">
      <Filter>FIlterEdit</Filter>
    </ClInclude>
    <ClInclude Include="filteredit\RegExTokeniser.h">
      <Filter>FIlterEdit</Filter>
    </ClInclude>
  </ItemGroup>
  <ItemGroup>
    <None Include="res\bitmap1.bmp">
      <Filter>Resource Files</Filter>
    </None>
    <None Include="res\folder_open_16.bmp">
      <Filter>Resource Files</Filter>
    </None>
    <None Include="res\folder_open_32.bmp">
      <Filter>Resource Files</Filter>
    </None>
    <None Include="res\idr_menutoolbarhelper.bmp">
      <Filter>Resource Files</Filter>
    </None>
    <None Include="res\idr_menutoolbarhelper_GR.bmp">
      <Filter>Resource Files</Filter>
    </None>
    <None Include="res\idr_menutoolbarhelper_HT.bmp">
      <Filter>Resource Files</Filter>
    </None>
    <None Include="res\idr_menutoolbarhelper_TC.bmp">
      <Filter>Resource Files</Filter>
    </None>
    <None Include="res\TBarGenAddin.ico">
      <Filter>Resource Files</Filter>
    </None>
    <None Include="res\TBarGenAddin.rc2">
      <Filter>Resource Files</Filter>
    </None>
    <None Include="res\toolbar.bmp">
      <Filter>Resource Files</Filter>
    </None>
    <None Include="res\toolbar1.bmp">
      <Filter>Resource Files</Filter>
    </None>
    <None Include="res\toolbar2.bmp">
      <Filter>Resource Files</Filter>
    </None>
    <None Include="res\toolbar_GR.bmp">
      <Filter>Resource Files</Filter>
    </None>
    <None Include="res\toolbar_HT.bmp">
      <Filter>Resource Files</Filter>
    </None>
    <None Include="res\toolbar_TC.bmp">
      <Filter>Resource Files</Filter>
    </None>
    <None Include="res\panda" />
    <None Include="ReadMe.txt" />
  </ItemGroup>
  <ItemGroup>
    <ResourceCompile Include="TBarGenAddin.rc">
      <Filter>Resource Files</Filter>
    </ResourceCompile>
  </ItemGroup>
  <ItemGroup>
    <CustomBuildStep Include="res\TBarGenAddin.manifest" />
  </ItemGroup>
</Project>