Microsoft Visual Studio Solution File, Format Version 11.00
# Visual Studio 2010
Project("{FAE04EC0-301F-11D3-BF4B-00C04F79EFBC}") = "AddItemsToVSToolbar", "AddItemsToVSToolbar.csproj", "{0A73F2B1-9777-47DF-83E2-A9E1DCBCEF3E}"
EndProject
Global
	GlobalSection(SolutionConfigurationPlatforms) = preSolution
		Debug|Any CPU = Debug|Any CPU
		Release|Any CPU = Release|Any CPU
	EndGlobalSection
	GlobalSection(ProjectConfigurationPlatforms) = postSolution
		{0A73F2B1-9777-47DF-83E2-A9E1DCBCEF3E}.Debug|Any CPU.ActiveCfg = Debug|Any CPU
		{0A73F2B1-9777-47DF-83E2-A9E1DCBCEF3E}.Debug|Any CPU.Build.0 = Debug|Any CPU
		{0A73F2B1-9777-47DF-83E2-A9E1DCBCEF3E}.Release|Any CPU.ActiveCfg = Release|Any CPU
		{0A73F2B1-9777-47DF-83E2-A9E1DCBCEF3E}.Release|Any CPU.Build.0 = Release|Any CPU
	EndGlobalSection
	GlobalSection(SolutionProperties) = preSolution
		HideSolutionNode = FALSE
	EndGlobalSection
EndGlobal
