
Microsoft Visual Studio Solution File, Format Version 11.00
# Visual Studio 2010
Project("{FAE04EC0-301F-11D3-BF4B-00C04F79EFBC}") = "Equality00", "Equality00\Equality00.csproj", "{4BEEE9C0-0277-4D85-A679-8EB68F1CB133}"
EndProject
Global
	GlobalSection(SolutionConfigurationPlatforms) = preSolution
		Debug|x86 = Debug|x86
		Release|x86 = Release|x86
	EndGlobalSection
	GlobalSection(ProjectConfigurationPlatforms) = postSolution
		{4BEEE9C0-0277-4D85-A679-8EB68F1CB133}.Debug|x86.ActiveCfg = Debug|x86
		{4BEEE9C0-0277-4D85-A679-8EB68F1CB133}.Debug|x86.Build.0 = Debug|x86
		{4BEEE9C0-0277-4D85-A679-8EB68F1CB133}.Release|x86.ActiveCfg = Release|x86
		{4BEEE9C0-0277-4D85-A679-8EB68F1CB133}.Release|x86.Build.0 = Release|x86
	EndGlobalSection
	GlobalSection(SolutionProperties) = preSolution
		HideSolutionNode = FALSE
	EndGlobalSection
EndGlobal
