
Microsoft Visual Studio Solution File, Format Version 11.00
# Visual Studio 2010
Project("{FAE04EC0-301F-11D3-BF4B-00C04F79EFBC}") = "WebClientByManual", "WebClientByManual\WebClientByManual.csproj", "{AE0B8C18-CC8A-41A3-80D9-86FF76FBC2F3}"
EndProject
Project("{FAE04EC0-301F-11D3-BF4B-00C04F79EFBC}") = "ManualHosting", "ManualHosting\ManualHosting.csproj", "{0F498448-503E-44C6-BB17-4B6A69B94F2C}"
EndProject
Project("{FAE04EC0-301F-11D3-BF4B-00C04F79EFBC}") = "WCFServiceLibrary2", "WCFServiceLibrary2\WCFServiceLibrary2.csproj", "{66C537F3-78EC-4726-A831-4BCB6B69411D}"
EndProject
Global
	GlobalSection(SolutionConfigurationPlatforms) = preSolution
		Debug|Any CPU = Debug|Any CPU
		Release|Any CPU = Release|Any CPU
	EndGlobalSection
	GlobalSection(ProjectConfigurationPlatforms) = postSolution
		{AE0B8C18-CC8A-41A3-80D9-86FF76FBC2F3}.Debug|Any CPU.ActiveCfg = Debug|Any CPU
		{AE0B8C18-CC8A-41A3-80D9-86FF76FBC2F3}.Debug|Any CPU.Build.0 = Debug|Any CPU
		{AE0B8C18-CC8A-41A3-80D9-86FF76FBC2F3}.Release|Any CPU.ActiveCfg = Release|Any CPU
		{AE0B8C18-CC8A-41A3-80D9-86FF76FBC2F3}.Release|Any CPU.Build.0 = Release|Any CPU
		{0F498448-503E-44C6-BB17-4B6A69B94F2C}.Debug|Any CPU.ActiveCfg = Debug|Any CPU
		{0F498448-503E-44C6-BB17-4B6A69B94F2C}.Debug|Any CPU.Build.0 = Debug|Any CPU
		{0F498448-503E-44C6-BB17-4B6A69B94F2C}.Release|Any CPU.ActiveCfg = Release|Any CPU
		{0F498448-503E-44C6-BB17-4B6A69B94F2C}.Release|Any CPU.Build.0 = Release|Any CPU
		{66C537F3-78EC-4726-A831-4BCB6B69411D}.Debug|Any CPU.ActiveCfg = Debug|Any CPU
		{66C537F3-78EC-4726-A831-4BCB6B69411D}.Debug|Any CPU.Build.0 = Debug|Any CPU
		{66C537F3-78EC-4726-A831-4BCB6B69411D}.Release|Any CPU.ActiveCfg = Release|Any CPU
		{66C537F3-78EC-4726-A831-4BCB6B69411D}.Release|Any CPU.Build.0 = Release|Any CPU
	EndGlobalSection
	GlobalSection(SolutionProperties) = preSolution
		HideSolutionNode = FALSE
	EndGlobalSection
EndGlobal
