
Microsoft Visual Studio Solution File, Format Version 12.00
# Visual Studio 2012
Project("{FAE04EC0-301F-11D3-BF4B-00C04F79EFBC}") = "ToInt6400", "ToInt6400\ToInt6400.csproj", "{29046261-A7A0-493C-96FD-82E102B485FE}"
EndProject
Global
	GlobalSection(SolutionConfigurationPlatforms) = preSolution
		Debug|Any CPU = Debug|Any CPU
		Release|Any CPU = Release|Any CPU
	EndGlobalSection
	GlobalSection(ProjectConfigurationPlatforms) = postSolution
		{29046261-A7A0-493C-96FD-82E102B485FE}.Debug|Any CPU.ActiveCfg = Debug|Any CPU
		{29046261-A7A0-493C-96FD-82E102B485FE}.Debug|Any CPU.Build.0 = Debug|Any CPU
		{29046261-A7A0-493C-96FD-82E102B485FE}.Release|Any CPU.ActiveCfg = Release|Any CPU
		{29046261-A7A0-493C-96FD-82E102B485FE}.Release|Any CPU.Build.0 = Release|Any CPU
	EndGlobalSection
	GlobalSection(SolutionProperties) = preSolution
		HideSolutionNode = FALSE
	EndGlobalSection
EndGlobal
