
Microsoft Visual Studio Solution File, Format Version 11.00
# Visual Studio 2010
Project("{2150E333-8FDC-42A3-9474-1A3956D46DE8}") = "CxFramework", "CxFramework", "{1B9F2EC8-AFAC-448D-A3AB-418B25B56524}"
EndProject
Project("{2150E333-8FDC-42A3-9474-1A3956D46DE8}") = "Components", "Components", "{6ADD8483-A5E9-4B26-ACBD-ACBF7FC00064}"
EndProject
Project("{2150E333-8FDC-42A3-9474-1A3956D46DE8}") = "Designer", "Designer", "{A9C0D007-46DD-4F4B-898E-A4775FA46EE4}"
EndProject
Project("{FAE04EC0-301F-11D3-BF4B-00C04F79EFBC}") = "NumericKeypadComponent", "NumericKeypadComponent\NumericKeypadComponent.csproj", "{05D03020-4604-4CE9-8F99-E1D93ADEDF15}"
EndProject
Project("{FAE04EC0-301F-11D3-BF4B-00C04F79EFBC}") = "OperatorComponent", "OperatorComponent\OperatorComponent.csproj", "{252A5B9E-D972-47E0-B472-54D4E2AB0711}"
EndProject
Project("{FAE04EC0-301F-11D3-BF4B-00C04F79EFBC}") = "TextDisplayComponent", "TextDisplayComponent\TextDisplayComponent.csproj", "{3E322804-A6A3-4B9A-ACDD-2FBAB996CE3D}"
EndProject
Project("{FAE04EC0-301F-11D3-BF4B-00C04F79EFBC}") = "BusinessUnitComponent", "BusinessUnitComponent\BusinessUnitComponent.csproj", "{8C2D5940-64C2-4DC6-85E3-9B5A61B466AC}"
EndProject
Project("{FAE04EC0-301F-11D3-BF4B-00C04F79EFBC}") = "Cx", "Cx\Cx.csproj", "{53635DB1-10A9-4255-8883-F0DCC5B2C6BE}"
EndProject
Project("{FAE04EC0-301F-11D3-BF4B-00C04F79EFBC}") = "App", "App\App.csproj", "{C64A9994-B939-470B-9FAE-3B230F17F2B5}"
EndProject
Project("{FAE04EC0-301F-11D3-BF4B-00C04F79EFBC}") = "Cx.Interfaces", "Cx.Interfaces\Cx.Interfaces.csproj", "{50DBE7C4-757C-4D95-AAEA-957CF77DCDBD}"
EndProject
Project("{FAE04EC0-301F-11D3-BF4B-00C04F79EFBC}") = "Cx.EventArgs", "Cx.EventArgs\Cx.EventArgs.csproj", "{56173598-C867-4F22-AA34-C3C10EAA897D}"
EndProject
Project("{FAE04EC0-301F-11D3-BF4B-00C04F79EFBC}") = "Cx.Attributes", "Cx.Attributes\Cx.Attributes.csproj", "{EFDBD81C-64BE-47F3-905E-7618B61BD224}"
EndProject
Project("{FAE04EC0-301F-11D3-BF4B-00C04F79EFBC}") = "Cx.Exceptions", "Cx.Exceptions\Cx.Exceptions.csproj", "{03900E11-176E-4A6E-8720-853BA251C8C1}"
EndProject
Project("{FAE04EC0-301F-11D3-BF4B-00C04F79EFBC}") = "Cx.Designer", "Cx.Designer\Cx.Designer.csproj", "{40B4D160-5CFB-42C0-A64C-14D60E0E77DC}"
EndProject
Project("{FAE04EC0-301F-11D3-BF4B-00C04F79EFBC}") = "Cx.Designer.App", "Cx.Designer.App\Cx.Designer.App.csproj", "{4BF9FAC6-CB63-441F-84CD-EE5DDCA0BEBC}"
EndProject
Project("{FAE04EC0-301F-11D3-BF4B-00C04F79EFBC}") = "Cx.Designer.Components", "Cx.Designer.Components\Cx.Designer.Components.csproj", "{3CD43C5E-29B7-4495-A6B2-D7AD746BD7FE}"
EndProject
Project("{FAE04EC0-301F-11D3-BF4B-00C04F79EFBC}") = "Cx.Designer.Interfaces", "Cx.Designer.Interfaces\Cx.Designer.Interfaces.csproj", "{E7BF5624-516E-4E39-8057-AE846EF3550F}"
EndProject
Project("{FAE04EC0-301F-11D3-BF4B-00C04F79EFBC}") = "Cx.DataService", "Cx.DataService\Cx.DataService.csproj", "{48BC10B3-23DC-4E72-B5B1-8FF0D3E7781A}"
EndProject
Project("{FAE04EC0-301F-11D3-BF4B-00C04F79EFBC}") = "Cx.Common", "Cx.Common\Cx.Common.csproj", "{C688ED2A-25B6-456A-91D3-10ABBD481A79}"
EndProject
Project("{FAE04EC0-301F-11D3-BF4B-00C04F79EFBC}") = "Cx.Converters", "Cx.Converters\Cx.Converters.csproj", "{5D11F99B-B724-47D0-940A-837532277A73}"
EndProject
Project("{FAE04EC0-301F-11D3-BF4B-00C04F79EFBC}") = "Cx.Designer.Common", "Cx.Designer.Common\Cx.Designer.Common.csproj", "{582EB56A-28D0-4F2F-B969-D20DEDEB61C3}"
EndProject
Project("{FAE04EC0-301F-11D3-BF4B-00C04F79EFBC}") = "Cx.WinForm", "Cx.WinForm\Cx.WinForm.csproj", "{B93D77A2-F0B4-474A-9A01-D6307F04197E}"
EndProject
Global
	GlobalSection(SolutionConfigurationPlatforms) = preSolution
		Debug|Any CPU = Debug|Any CPU
		Release|Any CPU = Release|Any CPU
	EndGlobalSection
	GlobalSection(ProjectConfigurationPlatforms) = postSolution
		{05D03020-4604-4CE9-8F99-E1D93ADEDF15}.Debug|Any CPU.ActiveCfg = Debug|Any CPU
		{05D03020-4604-4CE9-8F99-E1D93ADEDF15}.Debug|Any CPU.Build.0 = Debug|Any CPU
		{05D03020-4604-4CE9-8F99-E1D93ADEDF15}.Release|Any CPU.ActiveCfg = Release|Any CPU
		{05D03020-4604-4CE9-8F99-E1D93ADEDF15}.Release|Any CPU.Build.0 = Release|Any CPU
		{252A5B9E-D972-47E0-B472-54D4E2AB0711}.Debug|Any CPU.ActiveCfg = Debug|Any CPU
		{252A5B9E-D972-47E0-B472-54D4E2AB0711}.Debug|Any CPU.Build.0 = Debug|Any CPU
		{252A5B9E-D972-47E0-B472-54D4E2AB0711}.Release|Any CPU.ActiveCfg = Release|Any CPU
		{252A5B9E-D972-47E0-B472-54D4E2AB0711}.Release|Any CPU.Build.0 = Release|Any CPU
		{3E322804-A6A3-4B9A-ACDD-2FBAB996CE3D}.Debug|Any CPU.ActiveCfg = Debug|Any CPU
		{3E322804-A6A3-4B9A-ACDD-2FBAB996CE3D}.Debug|Any CPU.Build.0 = Debug|Any CPU
		{3E322804-A6A3-4B9A-ACDD-2FBAB996CE3D}.Release|Any CPU.ActiveCfg = Release|Any CPU
		{3E322804-A6A3-4B9A-ACDD-2FBAB996CE3D}.Release|Any CPU.Build.0 = Release|Any CPU
		{8C2D5940-64C2-4DC6-85E3-9B5A61B466AC}.Debug|Any CPU.ActiveCfg = Debug|Any CPU
		{8C2D5940-64C2-4DC6-85E3-9B5A61B466AC}.Debug|Any CPU.Build.0 = Debug|Any CPU
		{8C2D5940-64C2-4DC6-85E3-9B5A61B466AC}.Release|Any CPU.ActiveCfg = Release|Any CPU
		{8C2D5940-64C2-4DC6-85E3-9B5A61B466AC}.Release|Any CPU.Build.0 = Release|Any CPU
		{53635DB1-10A9-4255-8883-F0DCC5B2C6BE}.Debug|Any CPU.ActiveCfg = Debug|Any CPU
		{53635DB1-10A9-4255-8883-F0DCC5B2C6BE}.Debug|Any CPU.Build.0 = Debug|Any CPU
		{53635DB1-10A9-4255-8883-F0DCC5B2C6BE}.Release|Any CPU.ActiveCfg = Release|Any CPU
		{53635DB1-10A9-4255-8883-F0DCC5B2C6BE}.Release|Any CPU.Build.0 = Release|Any CPU
		{C64A9994-B939-470B-9FAE-3B230F17F2B5}.Debug|Any CPU.ActiveCfg = Debug|Any CPU
		{C64A9994-B939-470B-9FAE-3B230F17F2B5}.Debug|Any CPU.Build.0 = Debug|Any CPU
		{C64A9994-B939-470B-9FAE-3B230F17F2B5}.Release|Any CPU.ActiveCfg = Release|Any CPU
		{C64A9994-B939-470B-9FAE-3B230F17F2B5}.Release|Any CPU.Build.0 = Release|Any CPU
		{50DBE7C4-757C-4D95-AAEA-957CF77DCDBD}.Debug|Any CPU.ActiveCfg = Debug|Any CPU
		{50DBE7C4-757C-4D95-AAEA-957CF77DCDBD}.Debug|Any CPU.Build.0 = Debug|Any CPU
		{50DBE7C4-757C-4D95-AAEA-957CF77DCDBD}.Release|Any CPU.ActiveCfg = Release|Any CPU
		{50DBE7C4-757C-4D95-AAEA-957CF77DCDBD}.Release|Any CPU.Build.0 = Release|Any CPU
		{56173598-C867-4F22-AA34-C3C10EAA897D}.Debug|Any CPU.ActiveCfg = Debug|Any CPU
		{56173598-C867-4F22-AA34-C3C10EAA897D}.Debug|Any CPU.Build.0 = Debug|Any CPU
		{56173598-C867-4F22-AA34-C3C10EAA897D}.Release|Any CPU.ActiveCfg = Release|Any CPU
		{56173598-C867-4F22-AA34-C3C10EAA897D}.Release|Any CPU.Build.0 = Release|Any CPU
		{EFDBD81C-64BE-47F3-905E-7618B61BD224}.Debug|Any CPU.ActiveCfg = Debug|Any CPU
		{EFDBD81C-64BE-47F3-905E-7618B61BD224}.Debug|Any CPU.Build.0 = Debug|Any CPU
		{EFDBD81C-64BE-47F3-905E-7618B61BD224}.Release|Any CPU.ActiveCfg = Release|Any CPU
		{EFDBD81C-64BE-47F3-905E-7618B61BD224}.Release|Any CPU.Build.0 = Release|Any CPU
		{03900E11-176E-4A6E-8720-853BA251C8C1}.Debug|Any CPU.ActiveCfg = Debug|Any CPU
		{03900E11-176E-4A6E-8720-853BA251C8C1}.Debug|Any CPU.Build.0 = Debug|Any CPU
		{03900E11-176E-4A6E-8720-853BA251C8C1}.Release|Any CPU.ActiveCfg = Release|Any CPU
		{03900E11-176E-4A6E-8720-853BA251C8C1}.Release|Any CPU.Build.0 = Release|Any CPU
		{40B4D160-5CFB-42C0-A64C-14D60E0E77DC}.Debug|Any CPU.ActiveCfg = Debug|Any CPU
		{40B4D160-5CFB-42C0-A64C-14D60E0E77DC}.Debug|Any CPU.Build.0 = Debug|Any CPU
		{40B4D160-5CFB-42C0-A64C-14D60E0E77DC}.Release|Any CPU.ActiveCfg = Release|Any CPU
		{40B4D160-5CFB-42C0-A64C-14D60E0E77DC}.Release|Any CPU.Build.0 = Release|Any CPU
		{4BF9FAC6-CB63-441F-84CD-EE5DDCA0BEBC}.Debug|Any CPU.ActiveCfg = Debug|Any CPU
		{4BF9FAC6-CB63-441F-84CD-EE5DDCA0BEBC}.Debug|Any CPU.Build.0 = Debug|Any CPU
		{4BF9FAC6-CB63-441F-84CD-EE5DDCA0BEBC}.Release|Any CPU.ActiveCfg = Release|Any CPU
		{4BF9FAC6-CB63-441F-84CD-EE5DDCA0BEBC}.Release|Any CPU.Build.0 = Release|Any CPU
		{3CD43C5E-29B7-4495-A6B2-D7AD746BD7FE}.Debug|Any CPU.ActiveCfg = Debug|Any CPU
		{3CD43C5E-29B7-4495-A6B2-D7AD746BD7FE}.Debug|Any CPU.Build.0 = Debug|Any CPU
		{3CD43C5E-29B7-4495-A6B2-D7AD746BD7FE}.Release|Any CPU.ActiveCfg = Release|Any CPU
		{3CD43C5E-29B7-4495-A6B2-D7AD746BD7FE}.Release|Any CPU.Build.0 = Release|Any CPU
		{E7BF5624-516E-4E39-8057-AE846EF3550F}.Debug|Any CPU.ActiveCfg = Debug|Any CPU
		{E7BF5624-516E-4E39-8057-AE846EF3550F}.Debug|Any CPU.Build.0 = Debug|Any CPU
		{E7BF5624-516E-4E39-8057-AE846EF3550F}.Release|Any CPU.ActiveCfg = Release|Any CPU
		{E7BF5624-516E-4E39-8057-AE846EF3550F}.Release|Any CPU.Build.0 = Release|Any CPU
		{48BC10B3-23DC-4E72-B5B1-8FF0D3E7781A}.Debug|Any CPU.ActiveCfg = Debug|Any CPU
		{48BC10B3-23DC-4E72-B5B1-8FF0D3E7781A}.Debug|Any CPU.Build.0 = Debug|Any CPU
		{48BC10B3-23DC-4E72-B5B1-8FF0D3E7781A}.Release|Any CPU.ActiveCfg = Release|Any CPU
		{48BC10B3-23DC-4E72-B5B1-8FF0D3E7781A}.Release|Any CPU.Build.0 = Release|Any CPU
		{C688ED2A-25B6-456A-91D3-10ABBD481A79}.Debug|Any CPU.ActiveCfg = Debug|Any CPU
		{C688ED2A-25B6-456A-91D3-10ABBD481A79}.Debug|Any CPU.Build.0 = Debug|Any CPU
		{C688ED2A-25B6-456A-91D3-10ABBD481A79}.Release|Any CPU.ActiveCfg = Release|Any CPU
		{C688ED2A-25B6-456A-91D3-10ABBD481A79}.Release|Any CPU.Build.0 = Release|Any CPU
		{5D11F99B-B724-47D0-940A-837532277A73}.Debug|Any CPU.ActiveCfg = Debug|Any CPU
		{5D11F99B-B724-47D0-940A-837532277A73}.Debug|Any CPU.Build.0 = Debug|Any CPU
		{5D11F99B-B724-47D0-940A-837532277A73}.Release|Any CPU.ActiveCfg = Release|Any CPU
		{5D11F99B-B724-47D0-940A-837532277A73}.Release|Any CPU.Build.0 = Release|Any CPU
		{582EB56A-28D0-4F2F-B969-D20DEDEB61C3}.Debug|Any CPU.ActiveCfg = Debug|Any CPU
		{582EB56A-28D0-4F2F-B969-D20DEDEB61C3}.Debug|Any CPU.Build.0 = Debug|Any CPU
		{582EB56A-28D0-4F2F-B969-D20DEDEB61C3}.Release|Any CPU.ActiveCfg = Release|Any CPU
		{582EB56A-28D0-4F2F-B969-D20DEDEB61C3}.Release|Any CPU.Build.0 = Release|Any CPU
		{B93D77A2-F0B4-474A-9A01-D6307F04197E}.Debug|Any CPU.ActiveCfg = Debug|Any CPU
		{B93D77A2-F0B4-474A-9A01-D6307F04197E}.Debug|Any CPU.Build.0 = Debug|Any CPU
		{B93D77A2-F0B4-474A-9A01-D6307F04197E}.Release|Any CPU.ActiveCfg = Release|Any CPU
		{B93D77A2-F0B4-474A-9A01-D6307F04197E}.Release|Any CPU.Build.0 = Release|Any CPU
	EndGlobalSection
	GlobalSection(SolutionProperties) = preSolution
		HideSolutionNode = FALSE
	EndGlobalSection
	GlobalSection(NestedProjects) = preSolution
		{53635DB1-10A9-4255-8883-F0DCC5B2C6BE} = {1B9F2EC8-AFAC-448D-A3AB-418B25B56524}
		{50DBE7C4-757C-4D95-AAEA-957CF77DCDBD} = {1B9F2EC8-AFAC-448D-A3AB-418B25B56524}
		{56173598-C867-4F22-AA34-C3C10EAA897D} = {1B9F2EC8-AFAC-448D-A3AB-418B25B56524}
		{EFDBD81C-64BE-47F3-905E-7618B61BD224} = {1B9F2EC8-AFAC-448D-A3AB-418B25B56524}
		{03900E11-176E-4A6E-8720-853BA251C8C1} = {1B9F2EC8-AFAC-448D-A3AB-418B25B56524}
		{48BC10B3-23DC-4E72-B5B1-8FF0D3E7781A} = {1B9F2EC8-AFAC-448D-A3AB-418B25B56524}
		{C688ED2A-25B6-456A-91D3-10ABBD481A79} = {1B9F2EC8-AFAC-448D-A3AB-418B25B56524}
		{5D11F99B-B724-47D0-940A-837532277A73} = {1B9F2EC8-AFAC-448D-A3AB-418B25B56524}
		{B93D77A2-F0B4-474A-9A01-D6307F04197E} = {1B9F2EC8-AFAC-448D-A3AB-418B25B56524}
		{05D03020-4604-4CE9-8F99-E1D93ADEDF15} = {6ADD8483-A5E9-4B26-ACBD-ACBF7FC00064}
		{252A5B9E-D972-47E0-B472-54D4E2AB0711} = {6ADD8483-A5E9-4B26-ACBD-ACBF7FC00064}
		{3E322804-A6A3-4B9A-ACDD-2FBAB996CE3D} = {6ADD8483-A5E9-4B26-ACBD-ACBF7FC00064}
		{8C2D5940-64C2-4DC6-85E3-9B5A61B466AC} = {6ADD8483-A5E9-4B26-ACBD-ACBF7FC00064}
		{40B4D160-5CFB-42C0-A64C-14D60E0E77DC} = {A9C0D007-46DD-4F4B-898E-A4775FA46EE4}
		{4BF9FAC6-CB63-441F-84CD-EE5DDCA0BEBC} = {A9C0D007-46DD-4F4B-898E-A4775FA46EE4}
		{3CD43C5E-29B7-4495-A6B2-D7AD746BD7FE} = {A9C0D007-46DD-4F4B-898E-A4775FA46EE4}
		{E7BF5624-516E-4E39-8057-AE846EF3550F} = {A9C0D007-46DD-4F4B-898E-A4775FA46EE4}
		{582EB56A-28D0-4F2F-B969-D20DEDEB61C3} = {A9C0D007-46DD-4F4B-898E-A4775FA46EE4}
	EndGlobalSection
EndGlobal
