
Microsoft Visual Studio Solution File, Format Version 12.00
# Visual Studio 2012
Project("{FAE04EC0-301F-11D3-BF4B-00C04F79EFBC}") = "IsSeparator00", "IsSeparator00\IsSeparator00.csproj", "{FA51C0F8-4105-4870-BDD5-C78060583C79}"
EndProject
Project("{FAE04EC0-301F-11D3-BF4B-00C04F79EFBC}") = "IsSeparator01", "IsSeparator01\IsSeparator01.csproj", "{212BA4B6-D9D5-4282-BA29-1338F107943B}"
EndProject
Global
	
	GlobalSection(SolutionConfigurationPlatforms) = preSolution
		Debug|Any CPU = Debug|Any CPU
		Release|Any CPU = Release|Any CPU
	EndGlobalSection
	GlobalSection(ProjectConfigurationPlatforms) = postSolution
		{212BA4B6-D9D5-4282-BA29-1338F107943B}.Debug|Any CPU.ActiveCfg = Debug|Any CPU
		{212BA4B6-D9D5-4282-BA29-1338F107943B}.Debug|Any CPU.Build.0 = Debug|Any CPU
		{212BA4B6-D9D5-4282-BA29-1338F107943B}.Release|Any CPU.ActiveCfg = Release|Any CPU
		{212BA4B6-D9D5-4282-BA29-1338F107943B}.Release|Any CPU.Build.0 = Release|Any CPU
		{FA51C0F8-4105-4870-BDD5-C78060583C79}.Debug|Any CPU.ActiveCfg = Debug|Any CPU
		{FA51C0F8-4105-4870-BDD5-C78060583C79}.Debug|Any CPU.Build.0 = Debug|Any CPU
		{FA51C0F8-4105-4870-BDD5-C78060583C79}.Release|Any CPU.ActiveCfg = Release|Any CPU
		{FA51C0F8-4105-4870-BDD5-C78060583C79}.Release|Any CPU.Build.0 = Release|Any CPU
	EndGlobalSection
	GlobalSection(SolutionProperties) = preSolution
		HideSolutionNode = FALSE
	EndGlobalSection
EndGlobal
