
Microsoft Visual Studio Solution File, Format Version 11.00
# Visual Studio 2010
Project("{FAE04EC0-301F-11D3-BF4B-00C04F79EFBC}") = "ImageViewerTutorial", "ImageViewerTutorial.csproj", "{52A6AB4A-F177-4133-93B0-24BE2F350055}"
EndProject
Global
	GlobalSection(SolutionConfigurationPlatforms) = preSolution
		Debug|Any CPU = Debug|Any CPU
		Release|Any CPU = Release|Any CPU
	EndGlobalSection
	GlobalSection(ProjectConfigurationPlatforms) = postSolution
		{52A6AB4A-F177-4133-93B0-24BE2F350055}.Debug|Any CPU.ActiveCfg = Debug|Any CPU
		{52A6AB4A-F177-4133-93B0-24BE2F350055}.Debug|Any CPU.Build.0 = Debug|Any CPU
		{52A6AB4A-F177-4133-93B0-24BE2F350055}.Release|Any CPU.ActiveCfg = Release|Any CPU
		{52A6AB4A-F177-4133-93B0-24BE2F350055}.Release|Any CPU.Build.0 = Release|Any CPU
	EndGlobalSection
	GlobalSection(SolutionProperties) = preSolution
		HideSolutionNode = FALSE
	EndGlobalSection
EndGlobal
