
Microsoft Visual Studio Solution File, Format Version 10.00
# Visual Studio 2008
Project("{2150E333-8FDC-42A3-9474-1A3956D46DE8}") = "Comuns", "Comuns", "{57C3E1AB-7E6A-445D-900C-7E8D738646E0}"
EndProject
Project("{2150E333-8FDC-42A3-9474-1A3956D46DE8}") = "Modulos", "Modulos", "{989FC2D1-FC82-4893-85D8-C81012B9EE0C}"
EndProject
Project("{FAE04EC0-301F-11D3-BF4B-00C04F79EFBC}") = "GLB.DTO", "GLB.DTO\GLB.DTO.csproj", "{771C901B-B5FA-4F9E-9B6C-96D92E614E3D}"
EndProject
Project("{2150E333-8FDC-42A3-9474-1A3956D46DE8}") = "GestaoDeFrotaOnline", "GestaoDeFrotaOnline", "{8C487E20-EA38-462D-9109-A25A4F9E92F3}"
EndProject
Project("{2150E333-8FDC-42A3-9474-1A3956D46DE8}") = "Globus", "Globus", "{B504E507-C758-4BE4-BE34-3AF9D9FF50A3}"
EndProject
Project("{FAE04EC0-301F-11D3-BF4B-00C04F79EFBC}") = "GFO.BLL", "GFO.BLL\GFO.BLL.csproj", "{B1D51DCE-7F64-47A1-9C5D-ECE1ECE64D95}"
EndProject
Project("{FAE04EC0-301F-11D3-BF4B-00C04F79EFBC}") = "GFO.DAL", "GFO.DAL\GFO.DAL.csproj", "{DF72E109-BB41-4818-AAB1-1FED4F8DA878}"
EndProject
Project("{FAE04EC0-301F-11D3-BF4B-00C04F79EFBC}") = "GLB.BLL", "GLB.BLL\GLB.BLL.csproj", "{93C32480-B887-47BA-985F-160F38EA137C}"
EndProject
Project("{FAE04EC0-301F-11D3-BF4B-00C04F79EFBC}") = "GLB.DAL", "GLB.DAL\GLB.DAL.csproj", "{99CFAE69-5CF0-4817-9F30-6B9067F69847}"
EndProject
Project("{FAE04EC0-301F-11D3-BF4B-00C04F79EFBC}") = "Globus5.WS", "Globus5.WS\Globus5.WS.csproj", "{020D2EA9-5D63-4D30-AD37-8C2EADED89E2}"
EndProject
Global
	GlobalSection(SolutionConfigurationPlatforms) = preSolution
		Debug|Any CPU = Debug|Any CPU
		Release|Any CPU = Release|Any CPU
	EndGlobalSection
	GlobalSection(ProjectConfigurationPlatforms) = postSolution
		{771C901B-B5FA-4F9E-9B6C-96D92E614E3D}.Debug|Any CPU.ActiveCfg = Debug|Any CPU
		{771C901B-B5FA-4F9E-9B6C-96D92E614E3D}.Debug|Any CPU.Build.0 = Debug|Any CPU
		{771C901B-B5FA-4F9E-9B6C-96D92E614E3D}.Release|Any CPU.ActiveCfg = Release|Any CPU
		{771C901B-B5FA-4F9E-9B6C-96D92E614E3D}.Release|Any CPU.Build.0 = Release|Any CPU
		{B1D51DCE-7F64-47A1-9C5D-ECE1ECE64D95}.Debug|Any CPU.ActiveCfg = Debug|Any CPU
		{B1D51DCE-7F64-47A1-9C5D-ECE1ECE64D95}.Debug|Any CPU.Build.0 = Debug|Any CPU
		{B1D51DCE-7F64-47A1-9C5D-ECE1ECE64D95}.Release|Any CPU.ActiveCfg = Release|Any CPU
		{B1D51DCE-7F64-47A1-9C5D-ECE1ECE64D95}.Release|Any CPU.Build.0 = Release|Any CPU
		{DF72E109-BB41-4818-AAB1-1FED4F8DA878}.Debug|Any CPU.ActiveCfg = Debug|Any CPU
		{DF72E109-BB41-4818-AAB1-1FED4F8DA878}.Debug|Any CPU.Build.0 = Debug|Any CPU
		{DF72E109-BB41-4818-AAB1-1FED4F8DA878}.Release|Any CPU.ActiveCfg = Release|Any CPU
		{DF72E109-BB41-4818-AAB1-1FED4F8DA878}.Release|Any CPU.Build.0 = Release|Any CPU
		{93C32480-B887-47BA-985F-160F38EA137C}.Debug|Any CPU.ActiveCfg = Debug|Any CPU
		{93C32480-B887-47BA-985F-160F38EA137C}.Debug|Any CPU.Build.0 = Debug|Any CPU
		{93C32480-B887-47BA-985F-160F38EA137C}.Release|Any CPU.ActiveCfg = Release|Any CPU
		{93C32480-B887-47BA-985F-160F38EA137C}.Release|Any CPU.Build.0 = Release|Any CPU
		{99CFAE69-5CF0-4817-9F30-6B9067F69847}.Debug|Any CPU.ActiveCfg = Debug|Any CPU
		{99CFAE69-5CF0-4817-9F30-6B9067F69847}.Debug|Any CPU.Build.0 = Debug|Any CPU
		{99CFAE69-5CF0-4817-9F30-6B9067F69847}.Release|Any CPU.ActiveCfg = Release|Any CPU
		{99CFAE69-5CF0-4817-9F30-6B9067F69847}.Release|Any CPU.Build.0 = Release|Any CPU
		{020D2EA9-5D63-4D30-AD37-8C2EADED89E2}.Debug|Any CPU.ActiveCfg = Debug|Any CPU
		{020D2EA9-5D63-4D30-AD37-8C2EADED89E2}.Debug|Any CPU.Build.0 = Debug|Any CPU
		{020D2EA9-5D63-4D30-AD37-8C2EADED89E2}.Release|Any CPU.ActiveCfg = Release|Any CPU
		{020D2EA9-5D63-4D30-AD37-8C2EADED89E2}.Release|Any CPU.Build.0 = Release|Any CPU
	EndGlobalSection
	GlobalSection(SolutionProperties) = preSolution
		HideSolutionNode = FALSE
	EndGlobalSection
	GlobalSection(NestedProjects) = preSolution
		{771C901B-B5FA-4F9E-9B6C-96D92E614E3D} = {57C3E1AB-7E6A-445D-900C-7E8D738646E0}
		{8C487E20-EA38-462D-9109-A25A4F9E92F3} = {989FC2D1-FC82-4893-85D8-C81012B9EE0C}
		{B504E507-C758-4BE4-BE34-3AF9D9FF50A3} = {989FC2D1-FC82-4893-85D8-C81012B9EE0C}
		{B1D51DCE-7F64-47A1-9C5D-ECE1ECE64D95} = {8C487E20-EA38-462D-9109-A25A4F9E92F3}
		{DF72E109-BB41-4818-AAB1-1FED4F8DA878} = {8C487E20-EA38-462D-9109-A25A4F9E92F3}
		{93C32480-B887-47BA-985F-160F38EA137C} = {B504E507-C758-4BE4-BE34-3AF9D9FF50A3}
		{99CFAE69-5CF0-4817-9F30-6B9067F69847} = {B504E507-C758-4BE4-BE34-3AF9D9FF50A3}
	EndGlobalSection
EndGlobal
