
Microsoft Visual Studio Solution File, Format Version 12.00
# Visual Studio 2012
Project("{FAE04EC0-301F-11D3-BF4B-00C04F79EFBC}") = "TrueString00", "TrueString00\TrueString00.csproj", "{23E24A91-26A0-4E45-B8D4-CB9CE9CD8498}"
EndProject
Global
	GlobalSection(SolutionConfigurationPlatforms) = preSolution
		Debug|Any CPU = Debug|Any CPU
		Release|Any CPU = Release|Any CPU
	EndGlobalSection
	GlobalSection(ProjectConfigurationPlatforms) = postSolution
		{23E24A91-26A0-4E45-B8D4-CB9CE9CD8498}.Debug|Any CPU.ActiveCfg = Debug|Any CPU
		{23E24A91-26A0-4E45-B8D4-CB9CE9CD8498}.Debug|Any CPU.Build.0 = Debug|Any CPU
		{23E24A91-26A0-4E45-B8D4-CB9CE9CD8498}.Release|Any CPU.ActiveCfg = Release|Any CPU
		{23E24A91-26A0-4E45-B8D4-CB9CE9CD8498}.Release|Any CPU.Build.0 = Release|Any CPU
	EndGlobalSection
	GlobalSection(SolutionProperties) = preSolution
		HideSolutionNode = FALSE
	EndGlobalSection
EndGlobal
