
Microsoft Visual Studio Solution File, Format Version 11.00
# Visual Studio 2010
Project("{FAE04EC0-301F-11D3-BF4B-00C04F79EFBC}") = "SerealizarMSG", "SerealizarMSG\SerealizarMSG.csproj", "{AF52F166-8FF9-4DD9-9937-3C756D627FAD}"
EndProject
Project("{FAE04EC0-301F-11D3-BF4B-00C04F79EFBC}") = "SerializarIMG", "SerializarImagem\SerializarIMG.csproj", "{8F27E834-C7CE-4E01-9EB6-8964B17E7F82}"
EndProject
Global
	GlobalSection(SolutionConfigurationPlatforms) = preSolution
		Debug|Any CPU = Debug|Any CPU
		Debug|Mixed Platforms = Debug|Mixed Platforms
		Debug|x86 = Debug|x86
		Release|Any CPU = Release|Any CPU
		Release|Mixed Platforms = Release|Mixed Platforms
		Release|x86 = Release|x86
	EndGlobalSection
	GlobalSection(ProjectConfigurationPlatforms) = postSolution
		{AF52F166-8FF9-4DD9-9937-3C756D627FAD}.Debug|Any CPU.ActiveCfg = Debug|x86
		{AF52F166-8FF9-4DD9-9937-3C756D627FAD}.Debug|Mixed Platforms.ActiveCfg = Debug|x86
		{AF52F166-8FF9-4DD9-9937-3C756D627FAD}.Debug|Mixed Platforms.Build.0 = Debug|x86
		{AF52F166-8FF9-4DD9-9937-3C756D627FAD}.Debug|x86.ActiveCfg = Debug|x86
		{AF52F166-8FF9-4DD9-9937-3C756D627FAD}.Debug|x86.Build.0 = Debug|x86
		{AF52F166-8FF9-4DD9-9937-3C756D627FAD}.Release|Any CPU.ActiveCfg = Release|x86
		{AF52F166-8FF9-4DD9-9937-3C756D627FAD}.Release|Mixed Platforms.ActiveCfg = Release|x86
		{AF52F166-8FF9-4DD9-9937-3C756D627FAD}.Release|Mixed Platforms.Build.0 = Release|x86
		{AF52F166-8FF9-4DD9-9937-3C756D627FAD}.Release|x86.ActiveCfg = Release|x86
		{AF52F166-8FF9-4DD9-9937-3C756D627FAD}.Release|x86.Build.0 = Release|x86
		{8F27E834-C7CE-4E01-9EB6-8964B17E7F82}.Debug|Any CPU.ActiveCfg = Debug|Any CPU
		{8F27E834-C7CE-4E01-9EB6-8964B17E7F82}.Debug|Any CPU.Build.0 = Debug|Any CPU
		{8F27E834-C7CE-4E01-9EB6-8964B17E7F82}.Debug|Mixed Platforms.ActiveCfg = Debug|Any CPU
		{8F27E834-C7CE-4E01-9EB6-8964B17E7F82}.Debug|Mixed Platforms.Build.0 = Debug|Any CPU
		{8F27E834-C7CE-4E01-9EB6-8964B17E7F82}.Debug|x86.ActiveCfg = Debug|Any CPU
		{8F27E834-C7CE-4E01-9EB6-8964B17E7F82}.Release|Any CPU.ActiveCfg = Release|Any CPU
		{8F27E834-C7CE-4E01-9EB6-8964B17E7F82}.Release|Any CPU.Build.0 = Release|Any CPU
		{8F27E834-C7CE-4E01-9EB6-8964B17E7F82}.Release|Mixed Platforms.ActiveCfg = Release|Any CPU
		{8F27E834-C7CE-4E01-9EB6-8964B17E7F82}.Release|Mixed Platforms.Build.0 = Release|Any CPU
		{8F27E834-C7CE-4E01-9EB6-8964B17E7F82}.Release|x86.ActiveCfg = Release|Any CPU
	EndGlobalSection
	GlobalSection(SolutionProperties) = preSolution
		HideSolutionNode = FALSE
	EndGlobalSection
EndGlobal
