Microsoft Visual Studio Solution File, Format Version 8.00
Project("{FAE04EC0-301F-11D3-BF4B-00C04F79EFBC}") = "test", "test.csproj", "{61EF19E5-E590-4BB1-A3D1-BEE78A332555}"
	ProjectSection(ProjectDependencies) = postProject
	EndProjectSection
EndProject
Global
	GlobalSection(SolutionConfiguration) = preSolution
		Debug = Debug
		Release = Release
	EndGlobalSection
	GlobalSection(ProjectConfiguration) = postSolution
		{61EF19E5-E590-4BB1-A3D1-BEE78A332555}.Debug.ActiveCfg = Debug|.NET
		{61EF19E5-E590-4BB1-A3D1-BEE78A332555}.Debug.Build.0 = Debug|.NET
		{61EF19E5-E590-4BB1-A3D1-BEE78A332555}.Release.ActiveCfg = Release|.NET
		{61EF19E5-E590-4BB1-A3D1-BEE78A332555}.Release.Build.0 = Release|.NET
	EndGlobalSection
	GlobalSection(ExtensibilityGlobals) = postSolution
	EndGlobalSection
	GlobalSection(ExtensibilityAddIns) = postSolution
	EndGlobalSection
EndGlobal
