
Microsoft Visual Studio Solution File, Format Version 11.00
# Visual Studio 2010
Project("{FAE04EC0-301F-11D3-BF4B-00C04F79EFBC}") = "GalaSoftLb.Wpf.ItemsControlExample", "GalaSoftLb.Wpf.ItemsControlExample.csproj", "{99DEB759-051D-453F-9531-3BFC5DA28F1B}"
EndProject
Global
	GlobalSection(SolutionConfigurationPlatforms) = preSolution
		Debug|Any CPU = Debug|Any CPU
		Release|Any CPU = Release|Any CPU
	EndGlobalSection
	GlobalSection(ProjectConfigurationPlatforms) = postSolution
		{99DEB759-051D-453F-9531-3BFC5DA28F1B}.Debug|Any CPU.ActiveCfg = Debug|Any CPU
		{99DEB759-051D-453F-9531-3BFC5DA28F1B}.Debug|Any CPU.Build.0 = Debug|Any CPU
		{99DEB759-051D-453F-9531-3BFC5DA28F1B}.Release|Any CPU.ActiveCfg = Release|Any CPU
		{99DEB759-051D-453F-9531-3BFC5DA28F1B}.Release|Any CPU.Build.0 = Release|Any CPU
	EndGlobalSection
	GlobalSection(SolutionProperties) = preSolution
		HideSolutionNode = FALSE
	EndGlobalSection
EndGlobal
