Microsoft Visual Studio Solution File, Format Version 11.00
# Visual Studio 2010
Project("{E24C65DC-7377-472B-9ABA-BC803B73C61A}") = "TypeConverterSample", "http://localhost:90/TypeConverterSample/TypeConverterSample.csproj", "{D0DD1A47-E0ED-41F7-A469-A0B94F841652}"
	ProjectSection(WebsiteProperties) = preProject
		Debug.AspNetCompiler.Debug = "True"
		Release.AspNetCompiler.Debug = "False"
	EndProjectSection
EndProject
Project("{FAE04EC0-301F-11D3-BF4B-00C04F79EFBC}") = "SimpleLocationControl", "SimpleLocationControl\SimpleLocationControl.csproj", "{895789EB-D295-4F21-A460-869011DB6023}"
EndProject
Global
	GlobalSection(SolutionConfigurationPlatforms) = preSolution
		Debug|Any CPU = Debug|Any CPU
		Release|Any CPU = Release|Any CPU
	EndGlobalSection
	GlobalSection(ProjectConfigurationPlatforms) = postSolution
		{D0DD1A47-E0ED-41F7-A469-A0B94F841652}.Debug|Any CPU.ActiveCfg = Debug|.NET
		{D0DD1A47-E0ED-41F7-A469-A0B94F841652}.Release|Any CPU.ActiveCfg = Release|.NET
		{895789EB-D295-4F21-A460-869011DB6023}.Debug|Any CPU.ActiveCfg = Debug|Any CPU
		{895789EB-D295-4F21-A460-869011DB6023}.Debug|Any CPU.Build.0 = Debug|Any CPU
		{895789EB-D295-4F21-A460-869011DB6023}.Release|Any CPU.ActiveCfg = Release|Any CPU
		{895789EB-D295-4F21-A460-869011DB6023}.Release|Any CPU.Build.0 = Release|Any CPU
	EndGlobalSection
	GlobalSection(SolutionProperties) = preSolution
		HideSolutionNode = FALSE
	EndGlobalSection
EndGlobal
