
Microsoft Visual Studio Solution File, Format Version 11.00
# Visual Studio 2010
Project("{FAE04EC0-301F-11D3-BF4B-00C04F79EFBC}") = "GenericList", "GenericList\GenericList.csproj", "{5430AEC6-51C4-44E9-AA79-80337E9F273E}"
EndProject
Global
	GlobalSection(SolutionConfigurationPlatforms) = preSolution
		Debug|Any CPU = Debug|Any CPU
		Release|Any CPU = Release|Any CPU
	EndGlobalSection
	GlobalSection(ProjectConfigurationPlatforms) = postSolution
		{5430AEC6-51C4-44E9-AA79-80337E9F273E}.Debug|Any CPU.ActiveCfg = Debug|Any CPU
		{5430AEC6-51C4-44E9-AA79-80337E9F273E}.Debug|Any CPU.Build.0 = Debug|Any CPU
		{5430AEC6-51C4-44E9-AA79-80337E9F273E}.Release|Any CPU.ActiveCfg = Release|Any CPU
		{5430AEC6-51C4-44E9-AA79-80337E9F273E}.Release|Any CPU.Build.0 = Release|Any CPU
	EndGlobalSection
	GlobalSection(SolutionProperties) = preSolution
		HideSolutionNode = FALSE
	EndGlobalSection
EndGlobal
