
Microsoft Visual Studio Solution File, Format Version 11.00
# Visual Studio 2010
Project("{FAE04EC0-301F-11D3-BF4B-00C04F79EFBC}") = "ClockControlLibrary", "ClockControlLibrary\ClockControlLibrary.csproj", "{92EBF931-6DCA-4F8F-811C-EF487E6A14DE}"
EndProject
Project("{FAE04EC0-301F-11D3-BF4B-00C04F79EFBC}") = "ClockControlHost", "ClockControlHost\ClockControlHost.csproj", "{9487AF00-E216-4255-8C9B-882F98E61A33}"
EndProject
Global
	GlobalSection(SolutionConfigurationPlatforms) = preSolution
		Debug|Any CPU = Debug|Any CPU
		Release|Any CPU = Release|Any CPU
	EndGlobalSection
	GlobalSection(ProjectConfigurationPlatforms) = postSolution
		{92EBF931-6DCA-4F8F-811C-EF487E6A14DE}.Debug|Any CPU.ActiveCfg = Debug|Any CPU
		{92EBF931-6DCA-4F8F-811C-EF487E6A14DE}.Debug|Any CPU.Build.0 = Debug|Any CPU
		{92EBF931-6DCA-4F8F-811C-EF487E6A14DE}.Release|Any CPU.ActiveCfg = Release|Any CPU
		{92EBF931-6DCA-4F8F-811C-EF487E6A14DE}.Release|Any CPU.Build.0 = Release|Any CPU
		{9487AF00-E216-4255-8C9B-882F98E61A33}.Debug|Any CPU.ActiveCfg = Debug|Any CPU
		{9487AF00-E216-4255-8C9B-882F98E61A33}.Debug|Any CPU.Build.0 = Debug|Any CPU
		{9487AF00-E216-4255-8C9B-882F98E61A33}.Release|Any CPU.ActiveCfg = Release|Any CPU
		{9487AF00-E216-4255-8C9B-882F98E61A33}.Release|Any CPU.Build.0 = Release|Any CPU
	EndGlobalSection
	GlobalSection(SolutionProperties) = preSolution
		HideSolutionNode = FALSE
	EndGlobalSection
EndGlobal
