
Microsoft Visual Studio Solution File, Format Version 10.00
# Visual Studio 2008
Project("{FAE04EC0-301F-11D3-BF4B-00C04F79EFBC}") = "WindowsFormsApplication1", "WindowsFormsApplication1\WindowsFormsApplication1.csproj", "{0BB8AFCD-1E02-48CF-AB4F-FE3854C81455}"
EndProject
Project("{FAE04EC0-301F-11D3-BF4B-00C04F79EFBC}") = "Comum", "Comum\Comum.csproj", "{6B400968-81DF-42DF-B969-C622CBA1DD81}"
EndProject
Global
	GlobalSection(SolutionConfigurationPlatforms) = preSolution
		Debug|Any CPU = Debug|Any CPU
		Release|Any CPU = Release|Any CPU
	EndGlobalSection
	GlobalSection(ProjectConfigurationPlatforms) = postSolution
		{0BB8AFCD-1E02-48CF-AB4F-FE3854C81455}.Debug|Any CPU.ActiveCfg = Debug|Any CPU
		{0BB8AFCD-1E02-48CF-AB4F-FE3854C81455}.Debug|Any CPU.Build.0 = Debug|Any CPU
		{0BB8AFCD-1E02-48CF-AB4F-FE3854C81455}.Release|Any CPU.ActiveCfg = Release|Any CPU
		{0BB8AFCD-1E02-48CF-AB4F-FE3854C81455}.Release|Any CPU.Build.0 = Release|Any CPU
		{6B400968-81DF-42DF-B969-C622CBA1DD81}.Debug|Any CPU.ActiveCfg = Debug|Any CPU
		{6B400968-81DF-42DF-B969-C622CBA1DD81}.Debug|Any CPU.Build.0 = Debug|Any CPU
		{6B400968-81DF-42DF-B969-C622CBA1DD81}.Release|Any CPU.ActiveCfg = Release|Any CPU
		{6B400968-81DF-42DF-B969-C622CBA1DD81}.Release|Any CPU.Build.0 = Release|Any CPU
	EndGlobalSection
	GlobalSection(SolutionProperties) = preSolution
		HideSolutionNode = FALSE
	EndGlobalSection
EndGlobal
