Microsoft Visual Studio Solution File, Format Version 11.00
# Visual Studio 2010
Project("{FAE04EC0-301F-11D3-BF4B-00C04F79EFBC}") = "RicherTextBox2", "RicherTextBox2.csproj", "{A0495854-3E4C-4A25-A37C-E447CDCB3B1E}"
EndProject
Global
	GlobalSection(SolutionConfigurationPlatforms) = preSolution
		Debug|Any CPU = Debug|Any CPU
		Release|Any CPU = Release|Any CPU
	EndGlobalSection
	GlobalSection(ProjectConfigurationPlatforms) = postSolution
		{A0495854-3E4C-4A25-A37C-E447CDCB3B1E}.Debug|Any CPU.ActiveCfg = Debug|Any CPU
		{A0495854-3E4C-4A25-A37C-E447CDCB3B1E}.Debug|Any CPU.Build.0 = Debug|Any CPU
		{A0495854-3E4C-4A25-A37C-E447CDCB3B1E}.Release|Any CPU.ActiveCfg = Release|Any CPU
		{A0495854-3E4C-4A25-A37C-E447CDCB3B1E}.Release|Any CPU.Build.0 = Release|Any CPU
	EndGlobalSection
	GlobalSection(SolutionProperties) = preSolution
		HideSolutionNode = FALSE
	EndGlobalSection
EndGlobal
