
Microsoft Visual Studio Solution File, Format Version 12.00
# Visual Studio 2012
Project("{FAE04EC0-301F-11D3-BF4B-00C04F79EFBC}") = "WFA_VS2012", "WFA_VS2012\WFA_VS2012.csproj", "{2AD7B082-DB92-478B-ABBB-B520557BE63C}"
EndProject
Global
	GlobalSection(SolutionConfigurationPlatforms) = preSolution
		Debug|Any CPU = Debug|Any CPU
		Release|Any CPU = Release|Any CPU
	EndGlobalSection
	GlobalSection(ProjectConfigurationPlatforms) = postSolution
		{2AD7B082-DB92-478B-ABBB-B520557BE63C}.Debug|Any CPU.ActiveCfg = Debug|Any CPU
		{2AD7B082-DB92-478B-ABBB-B520557BE63C}.Debug|Any CPU.Build.0 = Debug|Any CPU
		{2AD7B082-DB92-478B-ABBB-B520557BE63C}.Release|Any CPU.ActiveCfg = Release|Any CPU
		{2AD7B082-DB92-478B-ABBB-B520557BE63C}.Release|Any CPU.Build.0 = Release|Any CPU
	EndGlobalSection
	GlobalSection(SolutionProperties) = preSolution
		HideSolutionNode = FALSE
	EndGlobalSection
EndGlobal
